// !$*UTF8*$!
{
	archiveVersion = 1;
	classes = {
	};
	objectVersion = 46;
	objects = {

/* Begin PBXBuildFile section */
		45021CCA1CD3D99100FE95D7 /* PushNotificationManager.swift in Sources */ = {isa = PBXBuildFile; fileRef = 45021CC91CD3D99100FE95D7 /* PushNotificationManager.swift */; };
		45021CCB1CD3D99100FE95D7 /* PushNotificationManager.swift in Sources */ = {isa = PBXBuildFile; fileRef = 45021CC91CD3D99100FE95D7 /* PushNotificationManager.swift */; };
		450549AC24BE2E0C00E229A5 /* UIView+Helpers.swift in Sources */ = {isa = PBXBuildFile; fileRef = 450549AB24BE2E0C00E229A5 /* UIView+Helpers.swift */; };
		450549AD24BE2E0C00E229A5 /* UIView+Helpers.swift in Sources */ = {isa = PBXBuildFile; fileRef = 450549AB24BE2E0C00E229A5 /* UIView+Helpers.swift */; };
		450549AF24BE441600E229A5 /* GradientView.swift in Sources */ = {isa = PBXBuildFile; fileRef = 450549AE24BE441600E229A5 /* GradientView.swift */; };
		450549B024BE441600E229A5 /* GradientView.swift in Sources */ = {isa = PBXBuildFile; fileRef = 450549AE24BE441600E229A5 /* GradientView.swift */; };
		450549B224BE507300E229A5 /* PostYourOwnView.swift in Sources */ = {isa = PBXBuildFile; fileRef = 450549B124BE507300E229A5 /* PostYourOwnView.swift */; };
		450549B324BE507300E229A5 /* PostYourOwnView.swift in Sources */ = {isa = PBXBuildFile; fileRef = 450549B124BE507300E229A5 /* PostYourOwnView.swift */; };
		450549B524BF7D6800E229A5 /* ApprovalViewController.swift in Sources */ = {isa = PBXBuildFile; fileRef = 450549B424BF7D6800E229A5 /* ApprovalViewController.swift */; };
		450549B624BF7D6800E229A5 /* ApprovalViewController.swift in Sources */ = {isa = PBXBuildFile; fileRef = 450549B424BF7D6800E229A5 /* ApprovalViewController.swift */; };
		450549CB24BF7ED000E229A5 /* ImageEditorPanGestureRecognizer.swift in Sources */ = {isa = PBXBuildFile; fileRef = 450549B924BF7ED000E229A5 /* ImageEditorPanGestureRecognizer.swift */; };
		450549CC24BF7ED000E229A5 /* ImageEditorPanGestureRecognizer.swift in Sources */ = {isa = PBXBuildFile; fileRef = 450549B924BF7ED000E229A5 /* ImageEditorPanGestureRecognizer.swift */; };
		450549CD24BF7ED000E229A5 /* ImageEditorTextItem.swift in Sources */ = {isa = PBXBuildFile; fileRef = 450549BA24BF7ED000E229A5 /* ImageEditorTextItem.swift */; };
		450549CE24BF7ED000E229A5 /* ImageEditorTextItem.swift in Sources */ = {isa = PBXBuildFile; fileRef = 450549BA24BF7ED000E229A5 /* ImageEditorTextItem.swift */; };
		450549CF24BF7ED000E229A5 /* ImageEditorBrushViewController.swift in Sources */ = {isa = PBXBuildFile; fileRef = 450549BB24BF7ED000E229A5 /* ImageEditorBrushViewController.swift */; };
		450549D024BF7ED000E229A5 /* ImageEditorBrushViewController.swift in Sources */ = {isa = PBXBuildFile; fileRef = 450549BB24BF7ED000E229A5 /* ImageEditorBrushViewController.swift */; };
		450549D124BF7ED000E229A5 /* ImageEditorTextViewController.swift in Sources */ = {isa = PBXBuildFile; fileRef = 450549BC24BF7ED000E229A5 /* ImageEditorTextViewController.swift */; };
		450549D224BF7ED000E229A5 /* ImageEditorTextViewController.swift in Sources */ = {isa = PBXBuildFile; fileRef = 450549BC24BF7ED000E229A5 /* ImageEditorTextViewController.swift */; };
		450549D324BF7ED000E229A5 /* ImageEditorCropViewController.swift in Sources */ = {isa = PBXBuildFile; fileRef = 450549BD24BF7ED000E229A5 /* ImageEditorCropViewController.swift */; };
		450549D424BF7ED000E229A5 /* ImageEditorCropViewController.swift in Sources */ = {isa = PBXBuildFile; fileRef = 450549BD24BF7ED000E229A5 /* ImageEditorCropViewController.swift */; };
		450549D524BF7ED000E229A5 /* PermissiveGestureRecognizer.swift in Sources */ = {isa = PBXBuildFile; fileRef = 450549BE24BF7ED000E229A5 /* PermissiveGestureRecognizer.swift */; };
		450549D624BF7ED000E229A5 /* PermissiveGestureRecognizer.swift in Sources */ = {isa = PBXBuildFile; fileRef = 450549BE24BF7ED000E229A5 /* PermissiveGestureRecognizer.swift */; };
		450549D724BF7ED000E229A5 /* ImageEditorPinchGestureRecognizer.swift in Sources */ = {isa = PBXBuildFile; fileRef = 450549BF24BF7ED000E229A5 /* ImageEditorPinchGestureRecognizer.swift */; };
		450549D824BF7ED000E229A5 /* ImageEditorPinchGestureRecognizer.swift in Sources */ = {isa = PBXBuildFile; fileRef = 450549BF24BF7ED000E229A5 /* ImageEditorPinchGestureRecognizer.swift */; };
		450549D924BF7ED000E229A5 /* ImageEditorStrokeItem.swift in Sources */ = {isa = PBXBuildFile; fileRef = 450549C024BF7ED000E229A5 /* ImageEditorStrokeItem.swift */; };
		450549DA24BF7ED000E229A5 /* ImageEditorStrokeItem.swift in Sources */ = {isa = PBXBuildFile; fileRef = 450549C024BF7ED000E229A5 /* ImageEditorStrokeItem.swift */; };
		450549DB24BF7ED000E229A5 /* ImageEditorModel.swift in Sources */ = {isa = PBXBuildFile; fileRef = 450549C124BF7ED000E229A5 /* ImageEditorModel.swift */; };
		450549DC24BF7ED000E229A5 /* ImageEditorModel.swift in Sources */ = {isa = PBXBuildFile; fileRef = 450549C124BF7ED000E229A5 /* ImageEditorModel.swift */; };
		450549DD24BF7ED000E229A5 /* ImageEditorBlurRegionsItem.swift in Sources */ = {isa = PBXBuildFile; fileRef = 450549C224BF7ED000E229A5 /* ImageEditorBlurRegionsItem.swift */; };
		450549DE24BF7ED000E229A5 /* ImageEditorBlurRegionsItem.swift in Sources */ = {isa = PBXBuildFile; fileRef = 450549C224BF7ED000E229A5 /* ImageEditorBlurRegionsItem.swift */; };
		450549DF24BF7ED000E229A5 /* OWSViewController+ImageEditor.swift in Sources */ = {isa = PBXBuildFile; fileRef = 450549C324BF7ED000E229A5 /* OWSViewController+ImageEditor.swift */; };
		450549E024BF7ED000E229A5 /* OWSViewController+ImageEditor.swift in Sources */ = {isa = PBXBuildFile; fileRef = 450549C324BF7ED000E229A5 /* OWSViewController+ImageEditor.swift */; };
		450549E124BF7ED000E229A5 /* ImageEditorCanvasView.swift in Sources */ = {isa = PBXBuildFile; fileRef = 450549C424BF7ED000E229A5 /* ImageEditorCanvasView.swift */; };
		450549E224BF7ED000E229A5 /* ImageEditorCanvasView.swift in Sources */ = {isa = PBXBuildFile; fileRef = 450549C424BF7ED000E229A5 /* ImageEditorCanvasView.swift */; };
		450549E324BF7ED000E229A5 /* ImageEditorItem.swift in Sources */ = {isa = PBXBuildFile; fileRef = 450549C524BF7ED000E229A5 /* ImageEditorItem.swift */; };
		450549E424BF7ED000E229A5 /* ImageEditorItem.swift in Sources */ = {isa = PBXBuildFile; fileRef = 450549C524BF7ED000E229A5 /* ImageEditorItem.swift */; };
		450549E524BF7ED000E229A5 /* ImageEditorContents.swift in Sources */ = {isa = PBXBuildFile; fileRef = 450549C624BF7ED000E229A5 /* ImageEditorContents.swift */; };
		450549E624BF7ED000E229A5 /* ImageEditorContents.swift in Sources */ = {isa = PBXBuildFile; fileRef = 450549C624BF7ED000E229A5 /* ImageEditorContents.swift */; };
		450549E924BF7ED000E229A5 /* ImageEditorPaletteView.swift in Sources */ = {isa = PBXBuildFile; fileRef = 450549C824BF7ED000E229A5 /* ImageEditorPaletteView.swift */; };
		450549EA24BF7ED000E229A5 /* ImageEditorPaletteView.swift in Sources */ = {isa = PBXBuildFile; fileRef = 450549C824BF7ED000E229A5 /* ImageEditorPaletteView.swift */; };
		450549EB24BF7ED000E229A5 /* ImageEditorView.swift in Sources */ = {isa = PBXBuildFile; fileRef = 450549C924BF7ED000E229A5 /* ImageEditorView.swift */; };
		450549EC24BF7ED000E229A5 /* ImageEditorView.swift in Sources */ = {isa = PBXBuildFile; fileRef = 450549C924BF7ED000E229A5 /* ImageEditorView.swift */; };
		450549ED24BF7ED000E229A5 /* ImageEditorTransform.swift in Sources */ = {isa = PBXBuildFile; fileRef = 450549CA24BF7ED000E229A5 /* ImageEditorTransform.swift */; };
		450549EE24BF7ED000E229A5 /* ImageEditorTransform.swift in Sources */ = {isa = PBXBuildFile; fileRef = 450549CA24BF7ED000E229A5 /* ImageEditorTransform.swift */; };
		450549F024BF8BE700E229A5 /* CGPoint+Helpers.swift in Sources */ = {isa = PBXBuildFile; fileRef = 450549EF24BF8BE700E229A5 /* CGPoint+Helpers.swift */; };
		450549F124BF8BE700E229A5 /* CGPoint+Helpers.swift in Sources */ = {isa = PBXBuildFile; fileRef = 450549EF24BF8BE700E229A5 /* CGPoint+Helpers.swift */; };
		450549F324BF959800E229A5 /* ImageEditorButton.swift in Sources */ = {isa = PBXBuildFile; fileRef = 450549F224BF959800E229A5 /* ImageEditorButton.swift */; };
		450549F424BF959800E229A5 /* ImageEditorButton.swift in Sources */ = {isa = PBXBuildFile; fileRef = 450549F224BF959800E229A5 /* ImageEditorButton.swift */; };
		450549F624BF964600E229A5 /* ImageEditorLayerView.swift in Sources */ = {isa = PBXBuildFile; fileRef = 450549F524BF964600E229A5 /* ImageEditorLayerView.swift */; };
		450549F724BF964600E229A5 /* ImageEditorLayerView.swift in Sources */ = {isa = PBXBuildFile; fileRef = 450549F524BF964600E229A5 /* ImageEditorLayerView.swift */; };
		450549F924BF9D7300E229A5 /* Weak.swift in Sources */ = {isa = PBXBuildFile; fileRef = 450549F824BF9D7300E229A5 /* Weak.swift */; };
		450549FA24BF9D7300E229A5 /* Weak.swift in Sources */ = {isa = PBXBuildFile; fileRef = 450549F824BF9D7300E229A5 /* Weak.swift */; };
		450549FC24BFA04700E229A5 /* OrderedDictionary.swift in Sources */ = {isa = PBXBuildFile; fileRef = 450549FB24BFA04700E229A5 /* OrderedDictionary.swift */; };
		450549FD24BFA04700E229A5 /* OrderedDictionary.swift in Sources */ = {isa = PBXBuildFile; fileRef = 450549FB24BFA04700E229A5 /* OrderedDictionary.swift */; };
		451CBD231B3ED5EB00CCF832 /* PrimaryButton.swift in Sources */ = {isa = PBXBuildFile; fileRef = 451CBD221B3ED5EB00CCF832 /* PrimaryButton.swift */; };
		451CBD241B3ED5EB00CCF832 /* PrimaryButton.swift in Sources */ = {isa = PBXBuildFile; fileRef = 451CBD221B3ED5EB00CCF832 /* PrimaryButton.swift */; };
		451E51D01AB3743C00849262 /* SpotTest.swift in Sources */ = {isa = PBXBuildFile; fileRef = 451E51CF1AB3743C00849262 /* SpotTest.swift */; };
		451E51D11AB3778600849262 /* Spot.swift in Sources */ = {isa = PBXBuildFile; fileRef = 45B488841A9AB73B00C7E03F /* Spot.swift */; };
		451E51D31AB49AFA00849262 /* User.swift in Sources */ = {isa = PBXBuildFile; fileRef = 451E51D21AB49AFA00849262 /* User.swift */; };
		451E51D41AB49AFA00849262 /* User.swift in Sources */ = {isa = PBXBuildFile; fileRef = 451E51D21AB49AFA00849262 /* User.swift */; };
		451E51D61AB4AB4C00849262 /* UserTest.swift in Sources */ = {isa = PBXBuildFile; fileRef = 451E51D51AB4AB4C00849262 /* UserTest.swift */; };
		4528973D1A86827F00AD077E /* CameraViewController.swift in Sources */ = {isa = PBXBuildFile; fileRef = 452897361A86827F00AD077E /* CameraViewController.swift */; };
		4528973F1A86827F00AD077E /* CheckGuessViewController.swift in Sources */ = {isa = PBXBuildFile; fileRef = 452897381A86827F00AD077E /* CheckGuessViewController.swift */; };
		452897401A86827F00AD077E /* HomeViewController.swift in Sources */ = {isa = PBXBuildFile; fileRef = 452897391A86827F00AD077E /* HomeViewController.swift */; };
		452897411A86827F00AD077E /* NewSpotViewController.swift in Sources */ = {isa = PBXBuildFile; fileRef = 4528973A1A86827F00AD077E /* NewSpotViewController.swift */; };
		452897431A86827F00AD077E /* GuessSpotViewController.swift in Sources */ = {isa = PBXBuildFile; fileRef = 4528973C1A86827F00AD077E /* GuessSpotViewController.swift */; };
		452B83771CE251A400CE1F85 /* SpotsCollection.swift in Sources */ = {isa = PBXBuildFile; fileRef = 452B83761CE251A400CE1F85 /* SpotsCollection.swift */; };
		452B83791CE2646700CE1F85 /* SpotsCollectionTest.swift in Sources */ = {isa = PBXBuildFile; fileRef = 452B83781CE2646700CE1F85 /* SpotsCollectionTest.swift */; };
		452B837A1CE266C500CE1F85 /* SpotsCollection.swift in Sources */ = {isa = PBXBuildFile; fileRef = 452B83761CE251A400CE1F85 /* SpotsCollection.swift */; };
		454E11051B19278F00FBAAC3 /* ApiKey.swift in Sources */ = {isa = PBXBuildFile; fileRef = 454E11031B19278F00FBAAC3 /* ApiKey.swift */; };
		454E11061B19278F00FBAAC3 /* ApiKey.swift in Sources */ = {isa = PBXBuildFile; fileRef = 454E11031B19278F00FBAAC3 /* ApiKey.swift */; };
		454E110B1B1927B200FBAAC3 /* ApiKeysService.swift in Sources */ = {isa = PBXBuildFile; fileRef = 454E11091B1927B200FBAAC3 /* ApiKeysService.swift */; };
		454E110C1B1927B200FBAAC3 /* ApiKeysService.swift in Sources */ = {isa = PBXBuildFile; fileRef = 454E11091B1927B200FBAAC3 /* ApiKeysService.swift */; };
		454E11101B19501400FBAAC3 /* ApiKeyTest.swift in Sources */ = {isa = PBXBuildFile; fileRef = 454E110F1B19501400FBAAC3 /* ApiKeyTest.swift */; };
		454E11121B19564500FBAAC3 /* ApiService.swift in Sources */ = {isa = PBXBuildFile; fileRef = 454E11111B19564500FBAAC3 /* ApiService.swift */; };
		454E11131B19564500FBAAC3 /* ApiService.swift in Sources */ = {isa = PBXBuildFile; fileRef = 454E11111B19564500FBAAC3 /* ApiService.swift */; };
		455526841CAC16D0001694BE /* TimesUpViewController.swift in Sources */ = {isa = PBXBuildFile; fileRef = 455526831CAC16D0001694BE /* TimesUpViewController.swift */; };
		455526851CAC16D0001694BE /* TimesUpViewController.swift in Sources */ = {isa = PBXBuildFile; fileRef = 455526831CAC16D0001694BE /* TimesUpViewController.swift */; };
		455C74DB206722CC00E6D794 /* ObjcExceptionBridging.framework in Frameworks */ = {isa = PBXBuildFile; fileRef = 455C74DA206722CC00E6D794 /* ObjcExceptionBridging.framework */; };
		4560C4E21AFE813E003FDD3A /* BaseViewController.swift in Sources */ = {isa = PBXBuildFile; fileRef = 4560C4E11AFE813E003FDD3A /* BaseViewController.swift */; };
		4560C4E31AFE813E003FDD3A /* BaseViewController.swift in Sources */ = {isa = PBXBuildFile; fileRef = 4560C4E11AFE813E003FDD3A /* BaseViewController.swift */; };
		456116C21B2A0C6C00CDAF2A /* Game.swift in Sources */ = {isa = PBXBuildFile; fileRef = 456116C11B2A0C6C00CDAF2A /* Game.swift */; };
		456116C31B2A0C6C00CDAF2A /* Game.swift in Sources */ = {isa = PBXBuildFile; fileRef = 456116C11B2A0C6C00CDAF2A /* Game.swift */; };
		4581A5FA1AB7C9BA004C871F /* SpotsService.swift in Sources */ = {isa = PBXBuildFile; fileRef = 4581A5F91AB7C9BA004C871F /* SpotsService.swift */; };
		4581A5FB1AB7C9BA004C871F /* SpotsService.swift in Sources */ = {isa = PBXBuildFile; fileRef = 4581A5F91AB7C9BA004C871F /* SpotsService.swift */; };
		4581A6111AB7FC48004C871F /* ParsedSpot.swift in Sources */ = {isa = PBXBuildFile; fileRef = 4581A6101AB7FC48004C871F /* ParsedSpot.swift */; };
		4581A6121AB7FC48004C871F /* ParsedSpot.swift in Sources */ = {isa = PBXBuildFile; fileRef = 4581A6101AB7FC48004C871F /* ParsedSpot.swift */; };
		45939FDA1CAB5AFC00360BE7 /* League Spartan.otf in Resources */ = {isa = PBXBuildFile; fileRef = 45939FD91CAB5AFC00360BE7 /* League Spartan.otf */; };
		45939FDE1CAB5C7800360BE7 /* Knewave.otf in Resources */ = {isa = PBXBuildFile; fileRef = 45939FDD1CAB5C7800360BE7 /* Knewave.otf */; };
		45939FE01CAB62D400360BE7 /* IncorrectGuessViewController.swift in Sources */ = {isa = PBXBuildFile; fileRef = 45939FDF1CAB62D400360BE7 /* IncorrectGuessViewController.swift */; };
		45939FE11CAB62D800360BE7 /* IncorrectGuessViewController.swift in Sources */ = {isa = PBXBuildFile; fileRef = 45939FDF1CAB62D400360BE7 /* IncorrectGuessViewController.swift */; };
		45939FE31CAB725900360BE7 /* CorrectGuessViewController.swift in Sources */ = {isa = PBXBuildFile; fileRef = 45939FE21CAB725900360BE7 /* CorrectGuessViewController.swift */; };
		45939FE41CAB725900360BE7 /* CorrectGuessViewController.swift in Sources */ = {isa = PBXBuildFile; fileRef = 45939FE21CAB725900360BE7 /* CorrectGuessViewController.swift */; };
		45939FE51CAB76BE00360BE7 /* GuessSpotViewController.swift in Sources */ = {isa = PBXBuildFile; fileRef = 4528973C1A86827F00AD077E /* GuessSpotViewController.swift */; };
		45939FE61CAB76C300360BE7 /* NewSpotViewController.swift in Sources */ = {isa = PBXBuildFile; fileRef = 4528973A1A86827F00AD077E /* NewSpotViewController.swift */; };
		45939FE71CAB76C700360BE7 /* HomeViewController.swift in Sources */ = {isa = PBXBuildFile; fileRef = 452897391A86827F00AD077E /* HomeViewController.swift */; };
		45939FE81CAB76DA00360BE7 /* CheckGuessViewController.swift in Sources */ = {isa = PBXBuildFile; fileRef = 452897381A86827F00AD077E /* CheckGuessViewController.swift */; };
		45939FE91CAB76DE00360BE7 /* CameraViewController.swift in Sources */ = {isa = PBXBuildFile; fileRef = 452897361A86827F00AD077E /* CameraViewController.swift */; };
		459B3F8D1AE1B32900BFCF79 /* Logger.swift in Sources */ = {isa = PBXBuildFile; fileRef = 459B3F8C1AE1B32900BFCF79 /* Logger.swift */; };
		459B3F8E1AE1B32900BFCF79 /* Logger.swift in Sources */ = {isa = PBXBuildFile; fileRef = 459B3F8C1AE1B32900BFCF79 /* Logger.swift */; };
		459F96211BB1CF72005D6C65 /* UsersService.swift in Sources */ = {isa = PBXBuildFile; fileRef = 459F96201BB1CF72005D6C65 /* UsersService.swift */; };
		459F96221BB1CF72005D6C65 /* UsersService.swift in Sources */ = {isa = PBXBuildFile; fileRef = 459F96201BB1CF72005D6C65 /* UsersService.swift */; };
		459F96241BB1D396005D6C65 /* FakeUsersService.swift in Sources */ = {isa = PBXBuildFile; fileRef = 459F96231BB1D396005D6C65 /* FakeUsersService.swift */; };
		459F96251BB1D396005D6C65 /* FakeUsersService.swift in Sources */ = {isa = PBXBuildFile; fileRef = 459F96231BB1D396005D6C65 /* FakeUsersService.swift */; };
		45A3847D1B16B12300A286C9 /* FakeSpotsService.swift in Sources */ = {isa = PBXBuildFile; fileRef = 45A3847C1B16B12300A286C9 /* FakeSpotsService.swift */; };
		45A3847E1B16B12300A286C9 /* FakeSpotsService.swift in Sources */ = {isa = PBXBuildFile; fileRef = 45A3847C1B16B12300A286C9 /* FakeSpotsService.swift */; };
		45A40107206841B40081C4D5 /* PureLayout.framework in Frameworks */ = {isa = PBXBuildFile; fileRef = 45A40106206841B40081C4D5 /* PureLayout.framework */; };
		45AB7BAC1A3A1D8B00E1961E /* AppDelegate.swift in Sources */ = {isa = PBXBuildFile; fileRef = 45AB7BAB1A3A1D8B00E1961E /* AppDelegate.swift */; };
		45AB7BB31A3A1D8B00E1961E /* Main.storyboard in Resources */ = {isa = PBXBuildFile; fileRef = 45AB7BB11A3A1D8B00E1961E /* Main.storyboard */; };
		45AB7BB51A3A1D8B00E1961E /* Images.xcassets in Resources */ = {isa = PBXBuildFile; fileRef = 45AB7BB41A3A1D8B00E1961E /* Images.xcassets */; };
		45AB7BB81A3A1D8B00E1961E /* LaunchScreen.xib in Resources */ = {isa = PBXBuildFile; fileRef = 45AB7BB61A3A1D8B00E1961E /* LaunchScreen.xib */; };
		45B25BD224C0C4FD00041144 /* Config-Test.plist in Resources */ = {isa = PBXBuildFile; fileRef = 45B25BCF24C0C4FD00041144 /* Config-Test.plist */; };
		45B25BD324C0C4FD00041144 /* Config-Test.plist in Resources */ = {isa = PBXBuildFile; fileRef = 45B25BCF24C0C4FD00041144 /* Config-Test.plist */; };
		45B25BD424C0C4FD00041144 /* Config-Debug.plist in Resources */ = {isa = PBXBuildFile; fileRef = 45B25BD024C0C4FD00041144 /* Config-Debug.plist */; };
		45B25BD524C0C4FD00041144 /* Config-Debug.plist in Resources */ = {isa = PBXBuildFile; fileRef = 45B25BD024C0C4FD00041144 /* Config-Debug.plist */; };
		45B25BD624C0C4FD00041144 /* Config-Release.plist in Resources */ = {isa = PBXBuildFile; fileRef = 45B25BD124C0C4FD00041144 /* Config-Release.plist */; };
		45B25BD724C0C4FD00041144 /* Config-Release.plist in Resources */ = {isa = PBXBuildFile; fileRef = 45B25BD124C0C4FD00041144 /* Config-Release.plist */; };
		45B25BD924C0C85A00041144 /* GuessNavController.swift in Sources */ = {isa = PBXBuildFile; fileRef = 45B25BD824C0C85A00041144 /* GuessNavController.swift */; };
		45B25BDA24C0C85A00041144 /* GuessNavController.swift in Sources */ = {isa = PBXBuildFile; fileRef = 45B25BD824C0C85A00041144 /* GuessNavController.swift */; };
		45B25BDC24C0DFC100041144 /* NewSpotNavController.swift in Sources */ = {isa = PBXBuildFile; fileRef = 45B25BDB24C0DFC100041144 /* NewSpotNavController.swift */; };
		45B25BDD24C0DFC100041144 /* NewSpotNavController.swift in Sources */ = {isa = PBXBuildFile; fileRef = 45B25BDB24C0DFC100041144 /* NewSpotNavController.swift */; };
		45B25BDF24C1044A00041144 /* ImageEditor.xcassets in Resources */ = {isa = PBXBuildFile; fileRef = 45B25BDE24C1044A00041144 /* ImageEditor.xcassets */; };
		45B25BE224C2322F00041144 /* UIDevice+Util.swift in Sources */ = {isa = PBXBuildFile; fileRef = 45B25BE124C2322F00041144 /* UIDevice+Util.swift */; };
		45B25BE324C232DC00041144 /* UIDevice+Util.swift in Sources */ = {isa = PBXBuildFile; fileRef = 45B25BE124C2322F00041144 /* UIDevice+Util.swift */; };
		45B25BE524C234C000041144 /* BottomSectionView.swift in Sources */ = {isa = PBXBuildFile; fileRef = 45B25BE424C234C000041144 /* BottomSectionView.swift */; };
		45B25BE624C234C000041144 /* BottomSectionView.swift in Sources */ = {isa = PBXBuildFile; fileRef = 45B25BE424C234C000041144 /* BottomSectionView.swift */; };
		45B488851A9AB73B00C7E03F /* Spot.swift in Sources */ = {isa = PBXBuildFile; fileRef = 45B488841A9AB73B00C7E03F /* Spot.swift */; };
		45B6BD4B1ABCEA3200E9BCDA /* ParsedSpotTest.swift in Sources */ = {isa = PBXBuildFile; fileRef = 45B6BD4A1ABCEA3200E9BCDA /* ParsedSpotTest.swift */; };
		45C256641CEBFA190098E8FF /* LocationService.swift in Sources */ = {isa = PBXBuildFile; fileRef = 45FC97B81CEBAB5D00F2E642 /* LocationService.swift */; };
		45C256651CEBFA1A0098E8FF /* LocationService.swift in Sources */ = {isa = PBXBuildFile; fileRef = 45FC97B81CEBAB5D00F2E642 /* LocationService.swift */; };
		45C256681CEC2FDB0098E8FF /* Alamofire.framework in Frameworks */ = {isa = PBXBuildFile; fileRef = 45C256661CEC2FDB0098E8FF /* Alamofire.framework */; };
		45C256691CEC2FDB0098E8FF /* XCGLogger.framework in Frameworks */ = {isa = PBXBuildFile; fileRef = 45C256671CEC2FDB0098E8FF /* XCGLogger.framework */; };
		45C757861CE291EB00E9FEE8 /* Platform.swift in Sources */ = {isa = PBXBuildFile; fileRef = 45C757851CE291EB00E9FEE8 /* Platform.swift */; };
		45C757871CE2928D00E9FEE8 /* Platform.swift in Sources */ = {isa = PBXBuildFile; fileRef = 45C757851CE291EB00E9FEE8 /* Platform.swift */; };
		45C757891CE2AAA000E9FEE8 /* Session.swift in Sources */ = {isa = PBXBuildFile; fileRef = 45C757881CE2AAA000E9FEE8 /* Session.swift */; };
		45C7578A1CE2AAA000E9FEE8 /* Session.swift in Sources */ = {isa = PBXBuildFile; fileRef = 45C757881CE2AAA000E9FEE8 /* Session.swift */; };
		45C7578B1CE2AC2A00E9FEE8 /* AppDelegate.swift in Sources */ = {isa = PBXBuildFile; fileRef = 45AB7BAB1A3A1D8B00E1961E /* AppDelegate.swift */; };
		45C770AA1ABE5D9A0036847D /* Config.swift in Sources */ = {isa = PBXBuildFile; fileRef = 45C770A91ABE5D9A0036847D /* Config.swift */; };
		45C770AB1ABE5D9A0036847D /* Config.swift in Sources */ = {isa = PBXBuildFile; fileRef = 45C770A91ABE5D9A0036847D /* Config.swift */; };
		45C770AD1AC081620036847D /* Guess.swift in Sources */ = {isa = PBXBuildFile; fileRef = 45C770AC1AC081620036847D /* Guess.swift */; };
		45C770AE1AC081620036847D /* Guess.swift in Sources */ = {isa = PBXBuildFile; fileRef = 45C770AC1AC081620036847D /* Guess.swift */; };
		45CB948424BD1842005240DF /* LoadingActivityView.swift in Sources */ = {isa = PBXBuildFile; fileRef = 45CB948324BD1842005240DF /* LoadingActivityView.swift */; };
		45CB948524BD1B01005240DF /* LoadingActivityView.swift in Sources */ = {isa = PBXBuildFile; fileRef = 45CB948324BD1842005240DF /* LoadingActivityView.swift */; };
		45CDD4431CB97ED100CEC1DD /* FirstSpotCreatedViewController.swift in Sources */ = {isa = PBXBuildFile; fileRef = 45CDD4421CB97ED100CEC1DD /* FirstSpotCreatedViewController.swift */; };
		45CDD4441CB97ED100CEC1DD /* FirstSpotCreatedViewController.swift in Sources */ = {isa = PBXBuildFile; fileRef = 45CDD4421CB97ED100CEC1DD /* FirstSpotCreatedViewController.swift */; };
		45CDD4461CB994F300CEC1DD /* UserDefaults.swift in Sources */ = {isa = PBXBuildFile; fileRef = 45CDD4451CB994F300CEC1DD /* UserDefaults.swift */; };
		45CDD4471CB994F300CEC1DD /* UserDefaults.swift in Sources */ = {isa = PBXBuildFile; fileRef = 45CDD4451CB994F300CEC1DD /* UserDefaults.swift */; };
		45CDD4491CB9DB8E00CEC1DD /* DevicesService.swift in Sources */ = {isa = PBXBuildFile; fileRef = 45CDD4481CB9DB8E00CEC1DD /* DevicesService.swift */; };
		45CDD44A1CB9DB8E00CEC1DD /* DevicesService.swift in Sources */ = {isa = PBXBuildFile; fileRef = 45CDD4481CB9DB8E00CEC1DD /* DevicesService.swift */; };
		45D113011CA8B121004F7D66 /* UIFont+Style.swift in Sources */ = {isa = PBXBuildFile; fileRef = 45D113001CA8B121004F7D66 /* UIFont+Style.swift */; };
		45D113021CA8B121004F7D66 /* UIFont+Style.swift in Sources */ = {isa = PBXBuildFile; fileRef = 45D113001CA8B121004F7D66 /* UIFont+Style.swift */; };
		45D6B51D1CA8AE5C0047E7DA /* UIColor+Style.swift in Sources */ = {isa = PBXBuildFile; fileRef = 45D6B51C1CA8AE5C0047E7DA /* UIColor+Style.swift */; };
		45D6B51E1CA8AE5C0047E7DA /* UIColor+Style.swift in Sources */ = {isa = PBXBuildFile; fileRef = 45D6B51C1CA8AE5C0047E7DA /* UIColor+Style.swift */; };
		45DB1F891B27BDCD0001EC8A /* SpotView.swift in Sources */ = {isa = PBXBuildFile; fileRef = 45DB1F881B27BDCD0001EC8A /* SpotView.swift */; };
		45DB1F8A1B27BDCD0001EC8A /* SpotView.swift in Sources */ = {isa = PBXBuildFile; fileRef = 45DB1F881B27BDCD0001EC8A /* SpotView.swift */; };
		45E0ECDD1CAC13E30096C179 /* SadFaceView.swift in Sources */ = {isa = PBXBuildFile; fileRef = 45E0ECDC1CAC13E30096C179 /* SadFaceView.swift */; };
		45E0ECDE1CAC13E30096C179 /* SadFaceView.swift in Sources */ = {isa = PBXBuildFile; fileRef = 45E0ECDC1CAC13E30096C179 /* SadFaceView.swift */; };
/* End PBXBuildFile section */

/* Begin PBXContainerItemProxy section */
		45AB7BBE1A3A1D8B00E1961E /* PBXContainerItemProxy */ = {
			isa = PBXContainerItemProxy;
			containerPortal = 45AB7B9E1A3A1D8B00E1961E /* Project object */;
			proxyType = 1;
			remoteGlobalIDString = 45AB7BA51A3A1D8B00E1961E;
			remoteInfo = BikeTag;
		};
/* End PBXContainerItemProxy section */

/* Begin PBXFileReference section */
		45021CC91CD3D99100FE95D7 /* PushNotificationManager.swift */ = {isa = PBXFileReference; fileEncoding = 4; lastKnownFileType = sourcecode.swift; path = PushNotificationManager.swift; sourceTree = "<group>"; };
		450549AB24BE2E0C00E229A5 /* UIView+Helpers.swift */ = {isa = PBXFileReference; lastKnownFileType = sourcecode.swift; path = "UIView+Helpers.swift"; sourceTree = "<group>"; };
		450549AE24BE441600E229A5 /* GradientView.swift */ = {isa = PBXFileReference; lastKnownFileType = sourcecode.swift; path = GradientView.swift; sourceTree = "<group>"; };
		450549B124BE507300E229A5 /* PostYourOwnView.swift */ = {isa = PBXFileReference; fileEncoding = 4; lastKnownFileType = sourcecode.swift; path = PostYourOwnView.swift; sourceTree = "<group>"; };
		450549B424BF7D6800E229A5 /* ApprovalViewController.swift */ = {isa = PBXFileReference; lastKnownFileType = sourcecode.swift; name = ApprovalViewController.swift; path = Controllers/ApprovalViewController.swift; sourceTree = "<group>"; };
		450549B924BF7ED000E229A5 /* ImageEditorPanGestureRecognizer.swift */ = {isa = PBXFileReference; fileEncoding = 4; lastKnownFileType = sourcecode.swift; path = ImageEditorPanGestureRecognizer.swift; sourceTree = "<group>"; };
		450549BA24BF7ED000E229A5 /* ImageEditorTextItem.swift */ = {isa = PBXFileReference; fileEncoding = 4; lastKnownFileType = sourcecode.swift; path = ImageEditorTextItem.swift; sourceTree = "<group>"; };
		450549BB24BF7ED000E229A5 /* ImageEditorBrushViewController.swift */ = {isa = PBXFileReference; fileEncoding = 4; lastKnownFileType = sourcecode.swift; path = ImageEditorBrushViewController.swift; sourceTree = "<group>"; };
		450549BC24BF7ED000E229A5 /* ImageEditorTextViewController.swift */ = {isa = PBXFileReference; fileEncoding = 4; lastKnownFileType = sourcecode.swift; path = ImageEditorTextViewController.swift; sourceTree = "<group>"; };
		450549BD24BF7ED000E229A5 /* ImageEditorCropViewController.swift */ = {isa = PBXFileReference; fileEncoding = 4; lastKnownFileType = sourcecode.swift; path = ImageEditorCropViewController.swift; sourceTree = "<group>"; };
		450549BE24BF7ED000E229A5 /* PermissiveGestureRecognizer.swift */ = {isa = PBXFileReference; fileEncoding = 4; lastKnownFileType = sourcecode.swift; path = PermissiveGestureRecognizer.swift; sourceTree = "<group>"; };
		450549BF24BF7ED000E229A5 /* ImageEditorPinchGestureRecognizer.swift */ = {isa = PBXFileReference; fileEncoding = 4; lastKnownFileType = sourcecode.swift; path = ImageEditorPinchGestureRecognizer.swift; sourceTree = "<group>"; };
		450549C024BF7ED000E229A5 /* ImageEditorStrokeItem.swift */ = {isa = PBXFileReference; fileEncoding = 4; lastKnownFileType = sourcecode.swift; path = ImageEditorStrokeItem.swift; sourceTree = "<group>"; };
		450549C124BF7ED000E229A5 /* ImageEditorModel.swift */ = {isa = PBXFileReference; fileEncoding = 4; lastKnownFileType = sourcecode.swift; path = ImageEditorModel.swift; sourceTree = "<group>"; };
		450549C224BF7ED000E229A5 /* ImageEditorBlurRegionsItem.swift */ = {isa = PBXFileReference; fileEncoding = 4; lastKnownFileType = sourcecode.swift; path = ImageEditorBlurRegionsItem.swift; sourceTree = "<group>"; };
		450549C324BF7ED000E229A5 /* OWSViewController+ImageEditor.swift */ = {isa = PBXFileReference; fileEncoding = 4; lastKnownFileType = sourcecode.swift; path = "OWSViewController+ImageEditor.swift"; sourceTree = "<group>"; };
		450549C424BF7ED000E229A5 /* ImageEditorCanvasView.swift */ = {isa = PBXFileReference; fileEncoding = 4; lastKnownFileType = sourcecode.swift; path = ImageEditorCanvasView.swift; sourceTree = "<group>"; };
		450549C524BF7ED000E229A5 /* ImageEditorItem.swift */ = {isa = PBXFileReference; fileEncoding = 4; lastKnownFileType = sourcecode.swift; path = ImageEditorItem.swift; sourceTree = "<group>"; };
		450549C624BF7ED000E229A5 /* ImageEditorContents.swift */ = {isa = PBXFileReference; fileEncoding = 4; lastKnownFileType = sourcecode.swift; path = ImageEditorContents.swift; sourceTree = "<group>"; };
		450549C824BF7ED000E229A5 /* ImageEditorPaletteView.swift */ = {isa = PBXFileReference; fileEncoding = 4; lastKnownFileType = sourcecode.swift; path = ImageEditorPaletteView.swift; sourceTree = "<group>"; };
		450549C924BF7ED000E229A5 /* ImageEditorView.swift */ = {isa = PBXFileReference; fileEncoding = 4; lastKnownFileType = sourcecode.swift; path = ImageEditorView.swift; sourceTree = "<group>"; };
		450549CA24BF7ED000E229A5 /* ImageEditorTransform.swift */ = {isa = PBXFileReference; fileEncoding = 4; lastKnownFileType = sourcecode.swift; path = ImageEditorTransform.swift; sourceTree = "<group>"; };
		450549EF24BF8BE700E229A5 /* CGPoint+Helpers.swift */ = {isa = PBXFileReference; lastKnownFileType = sourcecode.swift; path = "CGPoint+Helpers.swift"; sourceTree = "<group>"; };
		450549F224BF959800E229A5 /* ImageEditorButton.swift */ = {isa = PBXFileReference; lastKnownFileType = sourcecode.swift; path = ImageEditorButton.swift; sourceTree = "<group>"; };
		450549F524BF964600E229A5 /* ImageEditorLayerView.swift */ = {isa = PBXFileReference; lastKnownFileType = sourcecode.swift; path = ImageEditorLayerView.swift; sourceTree = "<group>"; };
		450549F824BF9D7300E229A5 /* Weak.swift */ = {isa = PBXFileReference; lastKnownFileType = sourcecode.swift; path = Weak.swift; sourceTree = "<group>"; };
		450549FB24BFA04700E229A5 /* OrderedDictionary.swift */ = {isa = PBXFileReference; lastKnownFileType = sourcecode.swift; path = OrderedDictionary.swift; sourceTree = "<group>"; };
		451CBD221B3ED5EB00CCF832 /* PrimaryButton.swift */ = {isa = PBXFileReference; fileEncoding = 4; lastKnownFileType = sourcecode.swift; path = PrimaryButton.swift; sourceTree = "<group>"; };
		451E51CF1AB3743C00849262 /* SpotTest.swift */ = {isa = PBXFileReference; fileEncoding = 4; lastKnownFileType = sourcecode.swift; path = SpotTest.swift; sourceTree = "<group>"; };
		451E51D21AB49AFA00849262 /* User.swift */ = {isa = PBXFileReference; fileEncoding = 4; lastKnownFileType = sourcecode.swift; path = User.swift; sourceTree = "<group>"; };
		451E51D51AB4AB4C00849262 /* UserTest.swift */ = {isa = PBXFileReference; fileEncoding = 4; lastKnownFileType = sourcecode.swift; path = UserTest.swift; sourceTree = "<group>"; };
		452897361A86827F00AD077E /* CameraViewController.swift */ = {isa = PBXFileReference; fileEncoding = 4; lastKnownFileType = sourcecode.swift; name = CameraViewController.swift; path = Controllers/CameraViewController.swift; sourceTree = "<group>"; };
		452897381A86827F00AD077E /* CheckGuessViewController.swift */ = {isa = PBXFileReference; fileEncoding = 4; lastKnownFileType = sourcecode.swift; name = CheckGuessViewController.swift; path = Controllers/CheckGuessViewController.swift; sourceTree = "<group>"; };
		452897391A86827F00AD077E /* HomeViewController.swift */ = {isa = PBXFileReference; fileEncoding = 4; lastKnownFileType = sourcecode.swift; name = HomeViewController.swift; path = Controllers/HomeViewController.swift; sourceTree = "<group>"; };
		4528973A1A86827F00AD077E /* NewSpotViewController.swift */ = {isa = PBXFileReference; fileEncoding = 4; lastKnownFileType = sourcecode.swift; name = NewSpotViewController.swift; path = Controllers/NewSpotViewController.swift; sourceTree = "<group>"; };
		4528973C1A86827F00AD077E /* GuessSpotViewController.swift */ = {isa = PBXFileReference; fileEncoding = 4; lastKnownFileType = sourcecode.swift; name = GuessSpotViewController.swift; path = Controllers/GuessSpotViewController.swift; sourceTree = "<group>"; };
		452B83761CE251A400CE1F85 /* SpotsCollection.swift */ = {isa = PBXFileReference; fileEncoding = 4; lastKnownFileType = sourcecode.swift; path = SpotsCollection.swift; sourceTree = "<group>"; };
		452B83781CE2646700CE1F85 /* SpotsCollectionTest.swift */ = {isa = PBXFileReference; fileEncoding = 4; lastKnownFileType = sourcecode.swift; path = SpotsCollectionTest.swift; sourceTree = "<group>"; };
		45434787216C6613009A9375 /* BikeTag.entitlements */ = {isa = PBXFileReference; lastKnownFileType = text.plist.entitlements; path = BikeTag.entitlements; sourceTree = "<group>"; };
		454E11031B19278F00FBAAC3 /* ApiKey.swift */ = {isa = PBXFileReference; fileEncoding = 4; lastKnownFileType = sourcecode.swift; path = ApiKey.swift; sourceTree = "<group>"; };
		454E11091B1927B200FBAAC3 /* ApiKeysService.swift */ = {isa = PBXFileReference; fileEncoding = 4; lastKnownFileType = sourcecode.swift; path = ApiKeysService.swift; sourceTree = "<group>"; };
		454E110F1B19501400FBAAC3 /* ApiKeyTest.swift */ = {isa = PBXFileReference; fileEncoding = 4; lastKnownFileType = sourcecode.swift; path = ApiKeyTest.swift; sourceTree = "<group>"; };
		454E11111B19564500FBAAC3 /* ApiService.swift */ = {isa = PBXFileReference; fileEncoding = 4; lastKnownFileType = sourcecode.swift; path = ApiService.swift; sourceTree = "<group>"; };
		455526831CAC16D0001694BE /* TimesUpViewController.swift */ = {isa = PBXFileReference; fileEncoding = 4; lastKnownFileType = sourcecode.swift; name = TimesUpViewController.swift; path = Controllers/TimesUpViewController.swift; sourceTree = "<group>"; };
		455C74DA206722CC00E6D794 /* ObjcExceptionBridging.framework */ = {isa = PBXFileReference; lastKnownFileType = wrapper.framework; path = ObjcExceptionBridging.framework; sourceTree = "<group>"; };
		4560C4E11AFE813E003FDD3A /* BaseViewController.swift */ = {isa = PBXFileReference; fileEncoding = 4; lastKnownFileType = sourcecode.swift; name = BaseViewController.swift; path = Controllers/BaseViewController.swift; sourceTree = "<group>"; };
		456116C11B2A0C6C00CDAF2A /* Game.swift */ = {isa = PBXFileReference; fileEncoding = 4; lastKnownFileType = sourcecode.swift; path = Game.swift; sourceTree = "<group>"; };
		4581A5F91AB7C9BA004C871F /* SpotsService.swift */ = {isa = PBXFileReference; fileEncoding = 4; lastKnownFileType = sourcecode.swift; path = SpotsService.swift; sourceTree = "<group>"; };
		4581A6101AB7FC48004C871F /* ParsedSpot.swift */ = {isa = PBXFileReference; fileEncoding = 4; lastKnownFileType = sourcecode.swift; path = ParsedSpot.swift; sourceTree = "<group>"; };
		45939FD91CAB5AFC00360BE7 /* League Spartan.otf */ = {isa = PBXFileReference; lastKnownFileType = file; path = "League Spartan.otf"; sourceTree = "<group>"; };
		45939FDD1CAB5C7800360BE7 /* Knewave.otf */ = {isa = PBXFileReference; lastKnownFileType = file; path = Knewave.otf; sourceTree = "<group>"; };
		45939FDF1CAB62D400360BE7 /* IncorrectGuessViewController.swift */ = {isa = PBXFileReference; fileEncoding = 4; lastKnownFileType = sourcecode.swift; name = IncorrectGuessViewController.swift; path = Controllers/IncorrectGuessViewController.swift; sourceTree = "<group>"; };
		45939FE21CAB725900360BE7 /* CorrectGuessViewController.swift */ = {isa = PBXFileReference; fileEncoding = 4; lastKnownFileType = sourcecode.swift; name = CorrectGuessViewController.swift; path = Controllers/CorrectGuessViewController.swift; sourceTree = "<group>"; };
		459B3F8C1AE1B32900BFCF79 /* Logger.swift */ = {isa = PBXFileReference; fileEncoding = 4; lastKnownFileType = sourcecode.swift; name = Logger.swift; path = ../Configs/Logger.swift; sourceTree = "<group>"; };
		459F96201BB1CF72005D6C65 /* UsersService.swift */ = {isa = PBXFileReference; fileEncoding = 4; lastKnownFileType = sourcecode.swift; path = UsersService.swift; sourceTree = "<group>"; };
		459F96231BB1D396005D6C65 /* FakeUsersService.swift */ = {isa = PBXFileReference; fileEncoding = 4; lastKnownFileType = sourcecode.swift; path = FakeUsersService.swift; sourceTree = "<group>"; };
		45A3847C1B16B12300A286C9 /* FakeSpotsService.swift */ = {isa = PBXFileReference; fileEncoding = 4; lastKnownFileType = sourcecode.swift; path = FakeSpotsService.swift; sourceTree = "<group>"; };
		45A40106206841B40081C4D5 /* PureLayout.framework */ = {isa = PBXFileReference; lastKnownFileType = wrapper.framework; path = PureLayout.framework; sourceTree = "<group>"; };
		45AB7BA61A3A1D8B00E1961E /* BikeTag.app */ = {isa = PBXFileReference; explicitFileType = wrapper.application; includeInIndex = 0; path = BikeTag.app; sourceTree = BUILT_PRODUCTS_DIR; };
		45AB7BAA1A3A1D8B00E1961E /* Info.plist */ = {isa = PBXFileReference; lastKnownFileType = text.plist.xml; path = Info.plist; sourceTree = "<group>"; };
		45AB7BAB1A3A1D8B00E1961E /* AppDelegate.swift */ = {isa = PBXFileReference; lastKnownFileType = sourcecode.swift; path = AppDelegate.swift; sourceTree = "<group>"; };
		45AB7BB21A3A1D8B00E1961E /* Base */ = {isa = PBXFileReference; lastKnownFileType = file.storyboard; name = Base; path = Base.lproj/Main.storyboard; sourceTree = "<group>"; };
		45AB7BB41A3A1D8B00E1961E /* Images.xcassets */ = {isa = PBXFileReference; lastKnownFileType = folder.assetcatalog; path = Images.xcassets; sourceTree = "<group>"; };
		45AB7BB71A3A1D8B00E1961E /* Base */ = {isa = PBXFileReference; lastKnownFileType = file.xib; name = Base; path = Base.lproj/LaunchScreen.xib; sourceTree = "<group>"; };
		45AB7BBD1A3A1D8B00E1961E /* BikeTagTests.xctest */ = {isa = PBXFileReference; explicitFileType = wrapper.cfbundle; includeInIndex = 0; path = BikeTagTests.xctest; sourceTree = BUILT_PRODUCTS_DIR; };
		45AB7BC21A3A1D8B00E1961E /* Info.plist */ = {isa = PBXFileReference; lastKnownFileType = text.plist.xml; path = Info.plist; sourceTree = "<group>"; };
		45B25BCF24C0C4FD00041144 /* Config-Test.plist */ = {isa = PBXFileReference; fileEncoding = 4; lastKnownFileType = text.plist.xml; path = "Config-Test.plist"; sourceTree = "<group>"; };
		45B25BD024C0C4FD00041144 /* Config-Debug.plist */ = {isa = PBXFileReference; fileEncoding = 4; lastKnownFileType = text.plist.xml; path = "Config-Debug.plist"; sourceTree = "<group>"; };
		45B25BD124C0C4FD00041144 /* Config-Release.plist */ = {isa = PBXFileReference; fileEncoding = 4; lastKnownFileType = text.plist.xml; path = "Config-Release.plist"; sourceTree = "<group>"; };
		45B25BD824C0C85A00041144 /* GuessNavController.swift */ = {isa = PBXFileReference; lastKnownFileType = sourcecode.swift; name = GuessNavController.swift; path = Controllers/GuessNavController.swift; sourceTree = "<group>"; };
		45B25BDB24C0DFC100041144 /* NewSpotNavController.swift */ = {isa = PBXFileReference; lastKnownFileType = sourcecode.swift; name = NewSpotNavController.swift; path = Controllers/NewSpotNavController.swift; sourceTree = "<group>"; };
		45B25BDE24C1044A00041144 /* ImageEditor.xcassets */ = {isa = PBXFileReference; lastKnownFileType = folder.assetcatalog; path = ImageEditor.xcassets; sourceTree = "<group>"; };
		45B25BE124C2322F00041144 /* UIDevice+Util.swift */ = {isa = PBXFileReference; lastKnownFileType = sourcecode.swift; path = "UIDevice+Util.swift"; sourceTree = "<group>"; };
		45B25BE424C234C000041144 /* BottomSectionView.swift */ = {isa = PBXFileReference; lastKnownFileType = sourcecode.swift; path = BottomSectionView.swift; sourceTree = "<group>"; };
		45B488841A9AB73B00C7E03F /* Spot.swift */ = {isa = PBXFileReference; fileEncoding = 4; lastKnownFileType = sourcecode.swift; path = Spot.swift; sourceTree = "<group>"; };
		45B6BD4A1ABCEA3200E9BCDA /* ParsedSpotTest.swift */ = {isa = PBXFileReference; fileEncoding = 4; lastKnownFileType = sourcecode.swift; path = ParsedSpotTest.swift; sourceTree = "<group>"; };
		45C256661CEC2FDB0098E8FF /* Alamofire.framework */ = {isa = PBXFileReference; lastKnownFileType = wrapper.framework; path = Alamofire.framework; sourceTree = "<group>"; };
		45C256671CEC2FDB0098E8FF /* XCGLogger.framework */ = {isa = PBXFileReference; lastKnownFileType = wrapper.framework; path = XCGLogger.framework; sourceTree = "<group>"; };
		45C757851CE291EB00E9FEE8 /* Platform.swift */ = {isa = PBXFileReference; fileEncoding = 4; lastKnownFileType = sourcecode.swift; path = Platform.swift; sourceTree = "<group>"; };
		45C757881CE2AAA000E9FEE8 /* Session.swift */ = {isa = PBXFileReference; fileEncoding = 4; lastKnownFileType = sourcecode.swift; path = Session.swift; sourceTree = "<group>"; };
		45C770A91ABE5D9A0036847D /* Config.swift */ = {isa = PBXFileReference; fileEncoding = 4; lastKnownFileType = sourcecode.swift; path = Config.swift; sourceTree = "<group>"; };
		45C770AC1AC081620036847D /* Guess.swift */ = {isa = PBXFileReference; fileEncoding = 4; lastKnownFileType = sourcecode.swift; path = Guess.swift; sourceTree = "<group>"; };
		45CB948324BD1842005240DF /* LoadingActivityView.swift */ = {isa = PBXFileReference; lastKnownFileType = sourcecode.swift; path = LoadingActivityView.swift; sourceTree = "<group>"; };
		45CDD4421CB97ED100CEC1DD /* FirstSpotCreatedViewController.swift */ = {isa = PBXFileReference; fileEncoding = 4; lastKnownFileType = sourcecode.swift; name = FirstSpotCreatedViewController.swift; path = Controllers/FirstSpotCreatedViewController.swift; sourceTree = "<group>"; };
		45CDD4451CB994F300CEC1DD /* UserDefaults.swift */ = {isa = PBXFileReference; fileEncoding = 4; lastKnownFileType = sourcecode.swift; path = UserDefaults.swift; sourceTree = "<group>"; };
		45CDD4481CB9DB8E00CEC1DD /* DevicesService.swift */ = {isa = PBXFileReference; fileEncoding = 4; lastKnownFileType = sourcecode.swift; path = DevicesService.swift; sourceTree = "<group>"; };
		45D113001CA8B121004F7D66 /* UIFont+Style.swift */ = {isa = PBXFileReference; fileEncoding = 4; lastKnownFileType = sourcecode.swift; path = "UIFont+Style.swift"; sourceTree = "<group>"; };
		45D6B51C1CA8AE5C0047E7DA /* UIColor+Style.swift */ = {isa = PBXFileReference; fileEncoding = 4; lastKnownFileType = sourcecode.swift; path = "UIColor+Style.swift"; sourceTree = "<group>"; };
		45DB1F881B27BDCD0001EC8A /* SpotView.swift */ = {isa = PBXFileReference; fileEncoding = 4; lastKnownFileType = sourcecode.swift; path = SpotView.swift; sourceTree = "<group>"; };
		45E0ECDC1CAC13E30096C179 /* SadFaceView.swift */ = {isa = PBXFileReference; fileEncoding = 4; lastKnownFileType = sourcecode.swift; path = SadFaceView.swift; sourceTree = "<group>"; };
		45FC97B81CEBAB5D00F2E642 /* LocationService.swift */ = {isa = PBXFileReference; fileEncoding = 4; lastKnownFileType = sourcecode.swift; path = LocationService.swift; sourceTree = "<group>"; };
/* End PBXFileReference section */

/* Begin PBXFrameworksBuildPhase section */
		45AB7BA31A3A1D8B00E1961E /* Frameworks */ = {
			isa = PBXFrameworksBuildPhase;
			buildActionMask = 2147483647;
			files = (
				45C256691CEC2FDB0098E8FF /* XCGLogger.framework in Frameworks */,
				45C256681CEC2FDB0098E8FF /* Alamofire.framework in Frameworks */,
				45A40107206841B40081C4D5 /* PureLayout.framework in Frameworks */,
				455C74DB206722CC00E6D794 /* ObjcExceptionBridging.framework in Frameworks */,
			);
			runOnlyForDeploymentPostprocessing = 0;
		};
		45AB7BBA1A3A1D8B00E1961E /* Frameworks */ = {
			isa = PBXFrameworksBuildPhase;
			buildActionMask = 2147483647;
			files = (
			);
			runOnlyForDeploymentPostprocessing = 0;
		};
/* End PBXFrameworksBuildPhase section */

/* Begin PBXGroup section */
		450549B824BF7ED000E229A5 /* ImageEditor */ = {
			isa = PBXGroup;
			children = (
				450549EF24BF8BE700E229A5 /* CGPoint+Helpers.swift */,
				450549B924BF7ED000E229A5 /* ImageEditorPanGestureRecognizer.swift */,
				450549BA24BF7ED000E229A5 /* ImageEditorTextItem.swift */,
				450549BB24BF7ED000E229A5 /* ImageEditorBrushViewController.swift */,
				450549BC24BF7ED000E229A5 /* ImageEditorTextViewController.swift */,
				450549BD24BF7ED000E229A5 /* ImageEditorCropViewController.swift */,
				450549BE24BF7ED000E229A5 /* PermissiveGestureRecognizer.swift */,
				450549BF24BF7ED000E229A5 /* ImageEditorPinchGestureRecognizer.swift */,
				450549C024BF7ED000E229A5 /* ImageEditorStrokeItem.swift */,
				450549C124BF7ED000E229A5 /* ImageEditorModel.swift */,
				450549C224BF7ED000E229A5 /* ImageEditorBlurRegionsItem.swift */,
				450549C324BF7ED000E229A5 /* OWSViewController+ImageEditor.swift */,
				450549C424BF7ED000E229A5 /* ImageEditorCanvasView.swift */,
				450549C524BF7ED000E229A5 /* ImageEditorItem.swift */,
				450549C624BF7ED000E229A5 /* ImageEditorContents.swift */,
				450549C824BF7ED000E229A5 /* ImageEditorPaletteView.swift */,
				450549F524BF964600E229A5 /* ImageEditorLayerView.swift */,
				450549C924BF7ED000E229A5 /* ImageEditorView.swift */,
				450549CA24BF7ED000E229A5 /* ImageEditorTransform.swift */,
				450549F224BF959800E229A5 /* ImageEditorButton.swift */,
				450549F824BF9D7300E229A5 /* Weak.swift */,
				450549FB24BFA04700E229A5 /* OrderedDictionary.swift */,
				45B25BDE24C1044A00041144 /* ImageEditor.xcassets */,
			);
			path = ImageEditor;
			sourceTree = "<group>";
		};
		451E51CE1AB3743C00849262 /* Models */ = {
			isa = PBXGroup;
			children = (
				451E51CF1AB3743C00849262 /* SpotTest.swift */,
				451E51D51AB4AB4C00849262 /* UserTest.swift */,
				45B6BD4A1ABCEA3200E9BCDA /* ParsedSpotTest.swift */,
				454E110F1B19501400FBAAC3 /* ApiKeyTest.swift */,
				452B83781CE2646700CE1F85 /* SpotsCollectionTest.swift */,
			);
			path = Models;
			sourceTree = "<group>";
		};
		452897351A8681DD00AD077E /* Controllers */ = {
			isa = PBXGroup;
			children = (
				452897361A86827F00AD077E /* CameraViewController.swift */,
				452897381A86827F00AD077E /* CheckGuessViewController.swift */,
				452897391A86827F00AD077E /* HomeViewController.swift */,
				4528973A1A86827F00AD077E /* NewSpotViewController.swift */,
				4528973C1A86827F00AD077E /* GuessSpotViewController.swift */,
				4560C4E11AFE813E003FDD3A /* BaseViewController.swift */,
				45939FDF1CAB62D400360BE7 /* IncorrectGuessViewController.swift */,
				45939FE21CAB725900360BE7 /* CorrectGuessViewController.swift */,
				455526831CAC16D0001694BE /* TimesUpViewController.swift */,
				45CDD4421CB97ED100CEC1DD /* FirstSpotCreatedViewController.swift */,
				450549B424BF7D6800E229A5 /* ApprovalViewController.swift */,
				45B25BD824C0C85A00041144 /* GuessNavController.swift */,
				45B25BDB24C0DFC100041144 /* NewSpotNavController.swift */,
			);
			name = Controllers;
			sourceTree = "<group>";
		};
		452BC6A11C7FF7C300FC6939 /* Xibs */ = {
			isa = PBXGroup;
			children = (
			);
			name = Xibs;
			sourceTree = "<group>";
		};
		45466E971ACA01AD00D7B69A /* Configs */ = {
			isa = PBXGroup;
			children = (
				45C770A91ABE5D9A0036847D /* Config.swift */,
				45B25BD024C0C4FD00041144 /* Config-Debug.plist */,
				45B25BD124C0C4FD00041144 /* Config-Release.plist */,
				45B25BCF24C0C4FD00041144 /* Config-Test.plist */,
			);
			path = Configs;
			sourceTree = "<group>";
		};
		4581A5F81AB7C9BA004C871F /* Services */ = {
			isa = PBXGroup;
			children = (
				45FC97B81CEBAB5D00F2E642 /* LocationService.swift */,
				454E11091B1927B200FBAAC3 /* ApiKeysService.swift */,
				4581A5F91AB7C9BA004C871F /* SpotsService.swift */,
				45A3847C1B16B12300A286C9 /* FakeSpotsService.swift */,
				454E11111B19564500FBAAC3 /* ApiService.swift */,
				459F96201BB1CF72005D6C65 /* UsersService.swift */,
				459F96231BB1D396005D6C65 /* FakeUsersService.swift */,
				45CDD4481CB9DB8E00CEC1DD /* DevicesService.swift */,
			);
			path = Services;
			sourceTree = "<group>";
		};
		4581A60A1AB7F791004C871F /* Frameworks */ = {
			isa = PBXGroup;
			children = (
				45A40106206841B40081C4D5 /* PureLayout.framework */,
				455C74DA206722CC00E6D794 /* ObjcExceptionBridging.framework */,
				45C256661CEC2FDB0098E8FF /* Alamofire.framework */,
				45C256671CEC2FDB0098E8FF /* XCGLogger.framework */,
			);
			path = Frameworks;
			sourceTree = "<group>";
		};
		45AB7B9D1A3A1D8B00E1961E = {
			isa = PBXGroup;
			children = (
				45AB7BA81A3A1D8B00E1961E /* BikeTag */,
				45AB7BC01A3A1D8B00E1961E /* BikeTagTests */,
				45AB7BA71A3A1D8B00E1961E /* Products */,
				4581A60A1AB7F791004C871F /* Frameworks */,
			);
			sourceTree = "<group>";
		};
		45AB7BA71A3A1D8B00E1961E /* Products */ = {
			isa = PBXGroup;
			children = (
				45AB7BA61A3A1D8B00E1961E /* BikeTag.app */,
				45AB7BBD1A3A1D8B00E1961E /* BikeTagTests.xctest */,
			);
			name = Products;
			sourceTree = "<group>";
		};
		45AB7BA81A3A1D8B00E1961E /* BikeTag */ = {
			isa = PBXGroup;
			children = (
				45B25BE024C2321E00041144 /* Utils */,
				45434787216C6613009A9375 /* BikeTag.entitlements */,
				45D6B5121CA8A26C0047E7DA /* Design */,
				45DB1F871B27BDCD0001EC8A /* Views */,
				45466E971ACA01AD00D7B69A /* Configs */,
				4581A5F81AB7C9BA004C871F /* Services */,
				45B488831A9AB73B00C7E03F /* Models */,
				450549B824BF7ED000E229A5 /* ImageEditor */,
				452897351A8681DD00AD077E /* Controllers */,
				45AB7BAB1A3A1D8B00E1961E /* AppDelegate.swift */,
				45AB7BB11A3A1D8B00E1961E /* Main.storyboard */,
				45AB7BB41A3A1D8B00E1961E /* Images.xcassets */,
				45AB7BB61A3A1D8B00E1961E /* LaunchScreen.xib */,
				45AB7BA91A3A1D8B00E1961E /* Supporting Files */,
				452BC6A11C7FF7C300FC6939 /* Xibs */,
			);
			path = BikeTag;
			sourceTree = "<group>";
		};
		45AB7BA91A3A1D8B00E1961E /* Supporting Files */ = {
			isa = PBXGroup;
			children = (
				45AB7BAA1A3A1D8B00E1961E /* Info.plist */,
			);
			name = "Supporting Files";
			sourceTree = "<group>";
		};
		45AB7BC01A3A1D8B00E1961E /* BikeTagTests */ = {
			isa = PBXGroup;
			children = (
				451E51CE1AB3743C00849262 /* Models */,
				45AB7BC11A3A1D8B00E1961E /* Supporting Files */,
			);
			path = BikeTagTests;
			sourceTree = "<group>";
		};
		45AB7BC11A3A1D8B00E1961E /* Supporting Files */ = {
			isa = PBXGroup;
			children = (
				45AB7BC21A3A1D8B00E1961E /* Info.plist */,
			);
			name = "Supporting Files";
			sourceTree = "<group>";
		};
		45B25BE024C2321E00041144 /* Utils */ = {
			isa = PBXGroup;
			children = (
				45B25BE124C2322F00041144 /* UIDevice+Util.swift */,
			);
			path = Utils;
			sourceTree = "<group>";
		};
		45B488831A9AB73B00C7E03F /* Models */ = {
			isa = PBXGroup;
			children = (
				454E11031B19278F00FBAAC3 /* ApiKey.swift */,
				459B3F8C1AE1B32900BFCF79 /* Logger.swift */,
				45B488841A9AB73B00C7E03F /* Spot.swift */,
				451E51D21AB49AFA00849262 /* User.swift */,
				4581A6101AB7FC48004C871F /* ParsedSpot.swift */,
				45C770AC1AC081620036847D /* Guess.swift */,
				456116C11B2A0C6C00CDAF2A /* Game.swift */,
				45CDD4451CB994F300CEC1DD /* UserDefaults.swift */,
				45021CC91CD3D99100FE95D7 /* PushNotificationManager.swift */,
				452B83761CE251A400CE1F85 /* SpotsCollection.swift */,
				45C757851CE291EB00E9FEE8 /* Platform.swift */,
				45C757881CE2AAA000E9FEE8 /* Session.swift */,
			);
			path = Models;
			sourceTree = "<group>";
		};
		45D6B5121CA8A26C0047E7DA /* Design */ = {
			isa = PBXGroup;
			children = (
				45D6B5131CA8A26C0047E7DA /* Fonts */,
				45D6B51C1CA8AE5C0047E7DA /* UIColor+Style.swift */,
				45D113001CA8B121004F7D66 /* UIFont+Style.swift */,
			);
			path = Design;
			sourceTree = "<group>";
		};
		45D6B5131CA8A26C0047E7DA /* Fonts */ = {
			isa = PBXGroup;
			children = (
				45939FDD1CAB5C7800360BE7 /* Knewave.otf */,
				45939FD91CAB5AFC00360BE7 /* League Spartan.otf */,
			);
			path = Fonts;
			sourceTree = "<group>";
		};
		45DB1F871B27BDCD0001EC8A /* Views */ = {
			isa = PBXGroup;
			children = (
				450549B124BE507300E229A5 /* PostYourOwnView.swift */,
				45DB1F881B27BDCD0001EC8A /* SpotView.swift */,
				451CBD221B3ED5EB00CCF832 /* PrimaryButton.swift */,
				45E0ECDC1CAC13E30096C179 /* SadFaceView.swift */,
				45CB948324BD1842005240DF /* LoadingActivityView.swift */,
				450549AB24BE2E0C00E229A5 /* UIView+Helpers.swift */,
				450549AE24BE441600E229A5 /* GradientView.swift */,
				45B25BE424C234C000041144 /* BottomSectionView.swift */,
			);
			path = Views;
			sourceTree = "<group>";
		};
/* End PBXGroup section */

/* Begin PBXNativeTarget section */
		45AB7BA51A3A1D8B00E1961E /* BikeTag */ = {
			isa = PBXNativeTarget;
			buildConfigurationList = 45AB7BC71A3A1D8B00E1961E /* Build configuration list for PBXNativeTarget "BikeTag" */;
			buildPhases = (
				45AB7BA21A3A1D8B00E1961E /* Sources */,
				45AB7BA31A3A1D8B00E1961E /* Frameworks */,
				45AB7BA41A3A1D8B00E1961E /* Resources */,
				454E8DE21B726D5A00BDDE5D /* Copy Carthage Built Frameworks */,
			);
			buildRules = (
			);
			dependencies = (
			);
			name = BikeTag;
			productName = BikeTag;
			productReference = 45AB7BA61A3A1D8B00E1961E /* BikeTag.app */;
			productType = "com.apple.product-type.application";
		};
		45AB7BBC1A3A1D8B00E1961E /* BikeTagTests */ = {
			isa = PBXNativeTarget;
			buildConfigurationList = 45AB7BCA1A3A1D8B00E1961E /* Build configuration list for PBXNativeTarget "BikeTagTests" */;
			buildPhases = (
				45AB7BB91A3A1D8B00E1961E /* Sources */,
				45AB7BBA1A3A1D8B00E1961E /* Frameworks */,
				45AB7BBB1A3A1D8B00E1961E /* Resources */,
			);
			buildRules = (
			);
			dependencies = (
				45AB7BBF1A3A1D8B00E1961E /* PBXTargetDependency */,
			);
			name = BikeTagTests;
			productName = BikeTagTests;
			productReference = 45AB7BBD1A3A1D8B00E1961E /* BikeTagTests.xctest */;
			productType = "com.apple.product-type.bundle.unit-test";
		};
/* End PBXNativeTarget section */

/* Begin PBXProject section */
		45AB7B9E1A3A1D8B00E1961E /* Project object */ = {
			isa = PBXProject;
			attributes = {
				LastSwiftMigration = 0700;
				LastSwiftUpdateCheck = 0700;
				LastUpgradeCheck = 0930;
				ORGANIZATIONNAME = Jackpine;
				TargetAttributes = {
					45AB7BA51A3A1D8B00E1961E = {
						CreatedOnToolsVersion = 6.1;
						DevelopmentTeam = CSBZ6R9U39;
						LastSwiftMigration = 1140;
						SystemCapabilities = {
							com.apple.Push = {
								enabled = 1;
							};
						};
					};
					45AB7BBC1A3A1D8B00E1961E = {
						CreatedOnToolsVersion = 6.1;
						LastSwiftMigration = 1140;
						TestTargetID = 45AB7BA51A3A1D8B00E1961E;
					};
				};
			};
			buildConfigurationList = 45AB7BA11A3A1D8B00E1961E /* Build configuration list for PBXProject "BikeTag" */;
			compatibilityVersion = "Xcode 3.2";
			developmentRegion = English;
			hasScannedForEncodings = 0;
			knownRegions = (
				English,
				en,
				Base,
			);
			mainGroup = 45AB7B9D1A3A1D8B00E1961E;
			productRefGroup = 45AB7BA71A3A1D8B00E1961E /* Products */;
			projectDirPath = "";
			projectRoot = "";
			targets = (
				45AB7BA51A3A1D8B00E1961E /* BikeTag */,
				45AB7BBC1A3A1D8B00E1961E /* BikeTagTests */,
			);
		};
/* End PBXProject section */

/* Begin PBXResourcesBuildPhase section */
		45AB7BA41A3A1D8B00E1961E /* Resources */ = {
			isa = PBXResourcesBuildPhase;
			buildActionMask = 2147483647;
			files = (
				45AB7BB31A3A1D8B00E1961E /* Main.storyboard in Resources */,
				45939FDE1CAB5C7800360BE7 /* Knewave.otf in Resources */,
				45B25BDF24C1044A00041144 /* ImageEditor.xcassets in Resources */,
				45B25BD624C0C4FD00041144 /* Config-Release.plist in Resources */,
				45AB7BB81A3A1D8B00E1961E /* LaunchScreen.xib in Resources */,
				45B25BD424C0C4FD00041144 /* Config-Debug.plist in Resources */,
				45939FDA1CAB5AFC00360BE7 /* League Spartan.otf in Resources */,
				45B25BD224C0C4FD00041144 /* Config-Test.plist in Resources */,
				45AB7BB51A3A1D8B00E1961E /* Images.xcassets in Resources */,
			);
			runOnlyForDeploymentPostprocessing = 0;
		};
		45AB7BBB1A3A1D8B00E1961E /* Resources */ = {
			isa = PBXResourcesBuildPhase;
			buildActionMask = 2147483647;
			files = (
				45B25BD524C0C4FD00041144 /* Config-Debug.plist in Resources */,
				45B25BD724C0C4FD00041144 /* Config-Release.plist in Resources */,
				45B25BD324C0C4FD00041144 /* Config-Test.plist in Resources */,
			);
			runOnlyForDeploymentPostprocessing = 0;
		};
/* End PBXResourcesBuildPhase section */

/* Begin PBXShellScriptBuildPhase section */
		454E8DE21B726D5A00BDDE5D /* Copy Carthage Built Frameworks */ = {
			isa = PBXShellScriptBuildPhase;
			buildActionMask = 2147483647;
			files = (
			);
			inputPaths = (
				"$(SRCROOT)/../Carthage/Build/iOS/Alamofire.framework",
				"$(SRCROOT)/../Carthage/Build/iOS/XCGLogger.framework",
				"$(SRCROOT)/../Carthage/Build/iOS/ObjcExceptionBridging.framework",
				"$(SRCROOT)/../Carthage/Build/iOS/PureLayout.framework",
			);
			name = "Copy Carthage Built Frameworks";
			outputPaths = (
			);
			runOnlyForDeploymentPostprocessing = 0;
			shellPath = /bin/sh;
			shellScript = "/usr/local/bin/carthage copy-frameworks\n";
		};
/* End PBXShellScriptBuildPhase section */

/* Begin PBXSourcesBuildPhase section */
		45AB7BA21A3A1D8B00E1961E /* Sources */ = {
			isa = PBXSourcesBuildPhase;
			buildActionMask = 2147483647;
			files = (
				452897431A86827F00AD077E /* GuessSpotViewController.swift in Sources */,
				450549CF24BF7ED000E229A5 /* ImageEditorBrushViewController.swift in Sources */,
				459B3F8D1AE1B32900BFCF79 /* Logger.swift in Sources */,
				450549AF24BE441600E229A5 /* GradientView.swift in Sources */,
				450549D124BF7ED000E229A5 /* ImageEditorTextViewController.swift in Sources */,
				450549E124BF7ED000E229A5 /* ImageEditorCanvasView.swift in Sources */,
				450549B524BF7D6800E229A5 /* ApprovalViewController.swift in Sources */,
				450549EB24BF7ED000E229A5 /* ImageEditorView.swift in Sources */,
				45A3847D1B16B12300A286C9 /* FakeSpotsService.swift in Sources */,
				45AB7BAC1A3A1D8B00E1961E /* AppDelegate.swift in Sources */,
				450549D324BF7ED000E229A5 /* ImageEditorCropViewController.swift in Sources */,
				450549E324BF7ED000E229A5 /* ImageEditorItem.swift in Sources */,
				4581A6111AB7FC48004C871F /* ParsedSpot.swift in Sources */,
				450549FC24BFA04700E229A5 /* OrderedDictionary.swift in Sources */,
				4528973F1A86827F00AD077E /* CheckGuessViewController.swift in Sources */,
				45021CCA1CD3D99100FE95D7 /* PushNotificationManager.swift in Sources */,
				45C770AA1ABE5D9A0036847D /* Config.swift in Sources */,
				450549B224BE507300E229A5 /* PostYourOwnView.swift in Sources */,
				450549D524BF7ED000E229A5 /* PermissiveGestureRecognizer.swift in Sources */,
				45B25BE524C234C000041144 /* BottomSectionView.swift in Sources */,
				45939FE01CAB62D400360BE7 /* IncorrectGuessViewController.swift in Sources */,
				45939FE31CAB725900360BE7 /* CorrectGuessViewController.swift in Sources */,
				45CB948424BD1842005240DF /* LoadingActivityView.swift in Sources */,
				450549CD24BF7ED000E229A5 /* ImageEditorTextItem.swift in Sources */,
				45B25BE224C2322F00041144 /* UIDevice+Util.swift in Sources */,
				45CDD4431CB97ED100CEC1DD /* FirstSpotCreatedViewController.swift in Sources */,
				45C770AD1AC081620036847D /* Guess.swift in Sources */,
				452B83771CE251A400CE1F85 /* SpotsCollection.swift in Sources */,
				4528973D1A86827F00AD077E /* CameraViewController.swift in Sources */,
				450549D724BF7ED000E229A5 /* ImageEditorPinchGestureRecognizer.swift in Sources */,
				4581A5FA1AB7C9BA004C871F /* SpotsService.swift in Sources */,
				45CDD4461CB994F300CEC1DD /* UserDefaults.swift in Sources */,
				454E11051B19278F00FBAAC3 /* ApiKey.swift in Sources */,
				45CDD4491CB9DB8E00CEC1DD /* DevicesService.swift in Sources */,
				451CBD231B3ED5EB00CCF832 /* PrimaryButton.swift in Sources */,
				450549DB24BF7ED000E229A5 /* ImageEditorModel.swift in Sources */,
				451E51D31AB49AFA00849262 /* User.swift in Sources */,
				45C256651CEBFA1A0098E8FF /* LocationService.swift in Sources */,
				45B25BDC24C0DFC100041144 /* NewSpotNavController.swift in Sources */,
				452897401A86827F00AD077E /* HomeViewController.swift in Sources */,
				454E11121B19564500FBAAC3 /* ApiService.swift in Sources */,
				450549E524BF7ED000E229A5 /* ImageEditorContents.swift in Sources */,
				450549CB24BF7ED000E229A5 /* ImageEditorPanGestureRecognizer.swift in Sources */,
				45D6B51D1CA8AE5C0047E7DA /* UIColor+Style.swift in Sources */,
				452897411A86827F00AD077E /* NewSpotViewController.swift in Sources */,
				450549F924BF9D7300E229A5 /* Weak.swift in Sources */,
				456116C21B2A0C6C00CDAF2A /* Game.swift in Sources */,
				45C757861CE291EB00E9FEE8 /* Platform.swift in Sources */,
				455526841CAC16D0001694BE /* TimesUpViewController.swift in Sources */,
				450549AC24BE2E0C00E229A5 /* UIView+Helpers.swift in Sources */,
				45E0ECDD1CAC13E30096C179 /* SadFaceView.swift in Sources */,
				450549E924BF7ED000E229A5 /* ImageEditorPaletteView.swift in Sources */,
				450549ED24BF7ED000E229A5 /* ImageEditorTransform.swift in Sources */,
				45C757891CE2AAA000E9FEE8 /* Session.swift in Sources */,
				450549F324BF959800E229A5 /* ImageEditorButton.swift in Sources */,
				45B488851A9AB73B00C7E03F /* Spot.swift in Sources */,
				450549DF24BF7ED000E229A5 /* OWSViewController+ImageEditor.swift in Sources */,
				459F96241BB1D396005D6C65 /* FakeUsersService.swift in Sources */,
				454E110B1B1927B200FBAAC3 /* ApiKeysService.swift in Sources */,
				45D113011CA8B121004F7D66 /* UIFont+Style.swift in Sources */,
				450549F024BF8BE700E229A5 /* CGPoint+Helpers.swift in Sources */,
				45DB1F891B27BDCD0001EC8A /* SpotView.swift in Sources */,
				450549DD24BF7ED000E229A5 /* ImageEditorBlurRegionsItem.swift in Sources */,
				450549D924BF7ED000E229A5 /* ImageEditorStrokeItem.swift in Sources */,
				450549F624BF964600E229A5 /* ImageEditorLayerView.swift in Sources */,
				459F96211BB1CF72005D6C65 /* UsersService.swift in Sources */,
				4560C4E21AFE813E003FDD3A /* BaseViewController.swift in Sources */,
				45B25BD924C0C85A00041144 /* GuessNavController.swift in Sources */,
			);
			runOnlyForDeploymentPostprocessing = 0;
		};
		45AB7BB91A3A1D8B00E1961E /* Sources */ = {
			isa = PBXSourcesBuildPhase;
			buildActionMask = 2147483647;
			files = (
				450549CC24BF7ED000E229A5 /* ImageEditorPanGestureRecognizer.swift in Sources */,
				45939FE51CAB76BE00360BE7 /* GuessSpotViewController.swift in Sources */,
				451E51D61AB4AB4C00849262 /* UserTest.swift in Sources */,
				454E110C1B1927B200FBAAC3 /* ApiKeysService.swift in Sources */,
				451CBD241B3ED5EB00CCF832 /* PrimaryButton.swift in Sources */,
				45CDD44A1CB9DB8E00CEC1DD /* DevicesService.swift in Sources */,
				454E11131B19564500FBAAC3 /* ApiService.swift in Sources */,
				450549D824BF7ED000E229A5 /* ImageEditorPinchGestureRecognizer.swift in Sources */,
				45C256641CEBFA190098E8FF /* LocationService.swift in Sources */,
				45B25BDA24C0C85A00041144 /* GuessNavController.swift in Sources */,
				45939FE71CAB76C700360BE7 /* HomeViewController.swift in Sources */,
				454E11061B19278F00FBAAC3 /* ApiKey.swift in Sources */,
				45939FE61CAB76C300360BE7 /* NewSpotViewController.swift in Sources */,
				45B25BE324C232DC00041144 /* UIDevice+Util.swift in Sources */,
				450549EE24BF7ED000E229A5 /* ImageEditorTransform.swift in Sources */,
				450549EA24BF7ED000E229A5 /* ImageEditorPaletteView.swift in Sources */,
				450549F124BF8BE700E229A5 /* CGPoint+Helpers.swift in Sources */,
				45B25BDD24C0DFC100041144 /* NewSpotNavController.swift in Sources */,
				45D6B51E1CA8AE5C0047E7DA /* UIColor+Style.swift in Sources */,
				452B83791CE2646700CE1F85 /* SpotsCollectionTest.swift in Sources */,
				450549E224BF7ED000E229A5 /* ImageEditorCanvasView.swift in Sources */,
				459B3F8E1AE1B32900BFCF79 /* Logger.swift in Sources */,
				45D113021CA8B121004F7D66 /* UIFont+Style.swift in Sources */,
				45CB948524BD1B01005240DF /* LoadingActivityView.swift in Sources */,
				450549FD24BFA04700E229A5 /* OrderedDictionary.swift in Sources */,
				450549D024BF7ED000E229A5 /* ImageEditorBrushViewController.swift in Sources */,
				450549D224BF7ED000E229A5 /* ImageEditorTextViewController.swift in Sources */,
				450549EC24BF7ED000E229A5 /* ImageEditorView.swift in Sources */,
				452B837A1CE266C500CE1F85 /* SpotsCollection.swift in Sources */,
				45C7578A1CE2AAA000E9FEE8 /* Session.swift in Sources */,
				45A3847E1B16B12300A286C9 /* FakeSpotsService.swift in Sources */,
				451E51D11AB3778600849262 /* Spot.swift in Sources */,
				45939FE11CAB62D800360BE7 /* IncorrectGuessViewController.swift in Sources */,
				45B6BD4B1ABCEA3200E9BCDA /* ParsedSpotTest.swift in Sources */,
				45DB1F8A1B27BDCD0001EC8A /* SpotView.swift in Sources */,
				451E51D01AB3743C00849262 /* SpotTest.swift in Sources */,
				450549DA24BF7ED000E229A5 /* ImageEditorStrokeItem.swift in Sources */,
				450549DC24BF7ED000E229A5 /* ImageEditorModel.swift in Sources */,
				450549B624BF7D6800E229A5 /* ApprovalViewController.swift in Sources */,
				451E51D41AB49AFA00849262 /* User.swift in Sources */,
				450549B024BE441600E229A5 /* GradientView.swift in Sources */,
				459F96221BB1CF72005D6C65 /* UsersService.swift in Sources */,
				45C770AE1AC081620036847D /* Guess.swift in Sources */,
				45CDD4441CB97ED100CEC1DD /* FirstSpotCreatedViewController.swift in Sources */,
				45C770AB1ABE5D9A0036847D /* Config.swift in Sources */,
				45939FE41CAB725900360BE7 /* CorrectGuessViewController.swift in Sources */,
				455526851CAC16D0001694BE /* TimesUpViewController.swift in Sources */,
				4581A6121AB7FC48004C871F /* ParsedSpot.swift in Sources */,
				450549E024BF7ED000E229A5 /* OWSViewController+ImageEditor.swift in Sources */,
				450549DE24BF7ED000E229A5 /* ImageEditorBlurRegionsItem.swift in Sources */,
				450549B324BE507300E229A5 /* PostYourOwnView.swift in Sources */,
				456116C31B2A0C6C00CDAF2A /* Game.swift in Sources */,
				45C7578B1CE2AC2A00E9FEE8 /* AppDelegate.swift in Sources */,
				450549E624BF7ED000E229A5 /* ImageEditorContents.swift in Sources */,
				450549E424BF7ED000E229A5 /* ImageEditorItem.swift in Sources */,
				450549D624BF7ED000E229A5 /* PermissiveGestureRecognizer.swift in Sources */,
				45E0ECDE1CAC13E30096C179 /* SadFaceView.swift in Sources */,
				459F96251BB1D396005D6C65 /* FakeUsersService.swift in Sources */,
				4581A5FB1AB7C9BA004C871F /* SpotsService.swift in Sources */,
				45B25BE624C234C000041144 /* BottomSectionView.swift in Sources */,
				45C757871CE2928D00E9FEE8 /* Platform.swift in Sources */,
				450549F724BF964600E229A5 /* ImageEditorLayerView.swift in Sources */,
				450549D424BF7ED000E229A5 /* ImageEditorCropViewController.swift in Sources */,
				45939FE81CAB76DA00360BE7 /* CheckGuessViewController.swift in Sources */,
				45021CCB1CD3D99100FE95D7 /* PushNotificationManager.swift in Sources */,
				450549AD24BE2E0C00E229A5 /* UIView+Helpers.swift in Sources */,
				450549FA24BF9D7300E229A5 /* Weak.swift in Sources */,
				454E11101B19501400FBAAC3 /* ApiKeyTest.swift in Sources */,
				450549CE24BF7ED000E229A5 /* ImageEditorTextItem.swift in Sources */,
				450549F424BF959800E229A5 /* ImageEditorButton.swift in Sources */,
				45CDD4471CB994F300CEC1DD /* UserDefaults.swift in Sources */,
				45939FE91CAB76DE00360BE7 /* CameraViewController.swift in Sources */,
				4560C4E31AFE813E003FDD3A /* BaseViewController.swift in Sources */,
			);
			runOnlyForDeploymentPostprocessing = 0;
		};
/* End PBXSourcesBuildPhase section */

/* Begin PBXTargetDependency section */
		45AB7BBF1A3A1D8B00E1961E /* PBXTargetDependency */ = {
			isa = PBXTargetDependency;
			target = 45AB7BA51A3A1D8B00E1961E /* BikeTag */;
			targetProxy = 45AB7BBE1A3A1D8B00E1961E /* PBXContainerItemProxy */;
		};
/* End PBXTargetDependency section */

/* Begin PBXVariantGroup section */
		45AB7BB11A3A1D8B00E1961E /* Main.storyboard */ = {
			isa = PBXVariantGroup;
			children = (
				45AB7BB21A3A1D8B00E1961E /* Base */,
			);
			name = Main.storyboard;
			sourceTree = "<group>";
		};
		45AB7BB61A3A1D8B00E1961E /* LaunchScreen.xib */ = {
			isa = PBXVariantGroup;
			children = (
				45AB7BB71A3A1D8B00E1961E /* Base */,
			);
			name = LaunchScreen.xib;
			sourceTree = "<group>";
		};
/* End PBXVariantGroup section */

/* Begin XCBuildConfiguration section */
		45AB7BC51A3A1D8B00E1961E /* Debug */ = {
			isa = XCBuildConfiguration;
			buildSettings = {
				ALWAYS_SEARCH_USER_PATHS = NO;
				CLANG_CXX_LANGUAGE_STANDARD = "gnu++0x";
				CLANG_CXX_LIBRARY = "libc++";
				CLANG_ENABLE_MODULES = YES;
				CLANG_ENABLE_OBJC_ARC = YES;
				CLANG_WARN_BLOCK_CAPTURE_AUTORELEASING = YES;
				CLANG_WARN_BOOL_CONVERSION = YES;
				CLANG_WARN_COMMA = YES;
				CLANG_WARN_CONSTANT_CONVERSION = YES;
				CLANG_WARN_DEPRECATED_OBJC_IMPLEMENTATIONS = YES;
				CLANG_WARN_DIRECT_OBJC_ISA_USAGE = YES_ERROR;
				CLANG_WARN_EMPTY_BODY = YES;
				CLANG_WARN_ENUM_CONVERSION = YES;
				CLANG_WARN_INFINITE_RECURSION = YES;
				CLANG_WARN_INT_CONVERSION = YES;
				CLANG_WARN_NON_LITERAL_NULL_CONVERSION = YES;
				CLANG_WARN_OBJC_IMPLICIT_RETAIN_SELF = YES;
				CLANG_WARN_OBJC_LITERAL_CONVERSION = YES;
				CLANG_WARN_OBJC_ROOT_CLASS = YES_ERROR;
				CLANG_WARN_RANGE_LOOP_ANALYSIS = YES;
				CLANG_WARN_STRICT_PROTOTYPES = YES;
				CLANG_WARN_SUSPICIOUS_MOVE = YES;
				CLANG_WARN_UNREACHABLE_CODE = YES;
				CLANG_WARN__DUPLICATE_METHOD_MATCH = YES;
				"CODE_SIGN_IDENTITY[sdk=iphoneos*]" = "iPhone Developer";
				COPY_PHASE_STRIP = NO;
				ENABLE_STRICT_OBJC_MSGSEND = YES;
				ENABLE_TESTABILITY = YES;
				GCC_C_LANGUAGE_STANDARD = gnu99;
				GCC_DYNAMIC_NO_PIC = NO;
				GCC_NO_COMMON_BLOCKS = YES;
				GCC_OPTIMIZATION_LEVEL = 0;
				GCC_PREPROCESSOR_DEFINITIONS = (
					"DEBUG=1",
					"$(inherited)",
				);
				GCC_SYMBOLS_PRIVATE_EXTERN = NO;
				GCC_WARN_64_TO_32_BIT_CONVERSION = YES;
				GCC_WARN_ABOUT_RETURN_TYPE = YES_ERROR;
				GCC_WARN_UNDECLARED_SELECTOR = YES;
				GCC_WARN_UNINITIALIZED_AUTOS = YES_AGGRESSIVE;
				GCC_WARN_UNUSED_FUNCTION = YES;
				GCC_WARN_UNUSED_VARIABLE = YES;
				IPHONEOS_DEPLOYMENT_TARGET = 10.0;
				MTL_ENABLE_DEBUG_INFO = YES;
				ONLY_ACTIVE_ARCH = YES;
				SDKROOT = iphoneos;
				"SWIFT_ACTIVE_COMPILATION_CONDITIONS[arch=*]" = DEBUG;
				SWIFT_OPTIMIZATION_LEVEL = "-Onone";
			};
			name = Debug;
		};
		45AB7BC61A3A1D8B00E1961E /* Release */ = {
			isa = XCBuildConfiguration;
			buildSettings = {
				ALWAYS_SEARCH_USER_PATHS = NO;
				CLANG_CXX_LANGUAGE_STANDARD = "gnu++0x";
				CLANG_CXX_LIBRARY = "libc++";
				CLANG_ENABLE_MODULES = YES;
				CLANG_ENABLE_OBJC_ARC = YES;
				CLANG_WARN_BLOCK_CAPTURE_AUTORELEASING = YES;
				CLANG_WARN_BOOL_CONVERSION = YES;
				CLANG_WARN_COMMA = YES;
				CLANG_WARN_CONSTANT_CONVERSION = YES;
				CLANG_WARN_DEPRECATED_OBJC_IMPLEMENTATIONS = YES;
				CLANG_WARN_DIRECT_OBJC_ISA_USAGE = YES_ERROR;
				CLANG_WARN_EMPTY_BODY = YES;
				CLANG_WARN_ENUM_CONVERSION = YES;
				CLANG_WARN_INFINITE_RECURSION = YES;
				CLANG_WARN_INT_CONVERSION = YES;
				CLANG_WARN_NON_LITERAL_NULL_CONVERSION = YES;
				CLANG_WARN_OBJC_IMPLICIT_RETAIN_SELF = YES;
				CLANG_WARN_OBJC_LITERAL_CONVERSION = YES;
				CLANG_WARN_OBJC_ROOT_CLASS = YES_ERROR;
				CLANG_WARN_RANGE_LOOP_ANALYSIS = YES;
				CLANG_WARN_STRICT_PROTOTYPES = YES;
				CLANG_WARN_SUSPICIOUS_MOVE = YES;
				CLANG_WARN_UNREACHABLE_CODE = YES;
				CLANG_WARN__DUPLICATE_METHOD_MATCH = YES;
				"CODE_SIGN_IDENTITY[sdk=iphoneos*]" = "iPhone Developer";
				COPY_PHASE_STRIP = YES;
				ENABLE_NS_ASSERTIONS = NO;
				ENABLE_STRICT_OBJC_MSGSEND = YES;
				GCC_C_LANGUAGE_STANDARD = gnu99;
				GCC_NO_COMMON_BLOCKS = YES;
				GCC_WARN_64_TO_32_BIT_CONVERSION = YES;
				GCC_WARN_ABOUT_RETURN_TYPE = YES_ERROR;
				GCC_WARN_UNDECLARED_SELECTOR = YES;
				GCC_WARN_UNINITIALIZED_AUTOS = YES_AGGRESSIVE;
				GCC_WARN_UNUSED_FUNCTION = YES;
				GCC_WARN_UNUSED_VARIABLE = YES;
				IPHONEOS_DEPLOYMENT_TARGET = 10.0;
				MTL_ENABLE_DEBUG_INFO = NO;
				SDKROOT = iphoneos;
				SWIFT_COMPILATION_MODE = wholemodule;
				VALIDATE_PRODUCT = YES;
			};
			name = Release;
		};
		45AB7BC81A3A1D8B00E1961E /* Debug */ = {
			isa = XCBuildConfiguration;
			buildSettings = {
				ASSETCATALOG_COMPILER_APPICON_NAME = AppIcon;
				BuildConfigurationAppBundleId = "";
				"BuildConfigurationAppBundleId[arch=*]" = "me.jackpine.${PRODUCT_NAME:rfc1034identifier}.Debug";
				BuildConfigurationProductName = "";
				"BuildConfigurationProductName[arch=*]" = "$(PRODUCT_NAME) Dev";
				CODE_SIGN_ENTITLEMENTS = BikeTag/BikeTag.entitlements;
				CODE_SIGN_IDENTITY = "iPhone Developer";
				"CODE_SIGN_IDENTITY[sdk=iphoneos*]" = "iPhone Developer";
				CURRENT_PROJECT_VERSION = 1.7.1.5;
				ENABLE_BITCODE = NO;
				FRAMEWORK_SEARCH_PATHS = "$(inherited)";
				INFOPLIST_FILE = BikeTag/Info.plist;
				IPHONEOS_DEPLOYMENT_TARGET = "$(inherited)";
				LD_RUNPATH_SEARCH_PATHS = "$(inherited) @executable_path/Frameworks";
				MARKETING_VERSION = 1.7.1;
				PRODUCT_BUNDLE_IDENTIFIER = me.jackpine.BikeTag;
				PRODUCT_NAME = "$(TARGET_NAME)";
				PROVISIONING_PROFILE = "";
				SWIFT_VERSION = 5.0;
			};
			name = Debug;
		};
		45AB7BC91A3A1D8B00E1961E /* Release */ = {
			isa = XCBuildConfiguration;
			buildSettings = {
				ASSETCATALOG_COMPILER_APPICON_NAME = AppIcon;
				BuildConfigurationAppBundleId = "";
				"BuildConfigurationAppBundleId[arch=*]" = "me.jackpine.${PRODUCT_NAME:rfc1034identifier}";
				BuildConfigurationProductName = "";
				"BuildConfigurationProductName[arch=*]" = "$(PRODUCT_NAME)";
				CODE_SIGN_ENTITLEMENTS = BikeTag/BikeTag.entitlements;
				CODE_SIGN_IDENTITY = "iPhone Developer";
				"CODE_SIGN_IDENTITY[sdk=iphoneos*]" = "iPhone Developer";
				CURRENT_PROJECT_VERSION = 1.7.1.5;
				ENABLE_BITCODE = NO;
				FRAMEWORK_SEARCH_PATHS = "$(inherited)";
				INFOPLIST_FILE = BikeTag/Info.plist;
				IPHONEOS_DEPLOYMENT_TARGET = "$(inherited)";
				LD_RUNPATH_SEARCH_PATHS = "$(inherited) @executable_path/Frameworks";
				MARKETING_VERSION = 1.7.1;
				OTHER_LDFLAGS = "";
				PRODUCT_BUNDLE_IDENTIFIER = me.jackpine.BikeTag;
				PRODUCT_NAME = "$(TARGET_NAME)";
				PROVISIONING_PROFILE = "";
				SWIFT_VERSION = 5.0;
			};
			name = Release;
		};
		45AB7BCB1A3A1D8B00E1961E /* Debug */ = {
			isa = XCBuildConfiguration;
			buildSettings = {
				BUNDLE_LOADER = "$(TEST_HOST)";
				FRAMEWORK_SEARCH_PATHS = "$(inherited)";
				GCC_PREPROCESSOR_DEFINITIONS = (
					"DEBUG=1",
					"$(inherited)",
				);
				INFOPLIST_FILE = BikeTagTests/Info.plist;
				IPHONEOS_DEPLOYMENT_TARGET = "$(inherited)";
				LD_RUNPATH_SEARCH_PATHS = "$(inherited) @executable_path/Frameworks @loader_path/Frameworks";
				PRODUCT_BUNDLE_IDENTIFIER = "${BuildConfigurationAppBundleId}";
				PRODUCT_NAME = "$(TARGET_NAME)";
				SWIFT_VERSION = 5.0;
				TEST_HOST = "$(BUILT_PRODUCTS_DIR)/BikeTag.app/BikeTag";
			};
			name = Debug;
		};
		45AB7BCC1A3A1D8B00E1961E /* Release */ = {
			isa = XCBuildConfiguration;
			buildSettings = {
				BUNDLE_LOADER = "$(TEST_HOST)";
				FRAMEWORK_SEARCH_PATHS = "$(inherited)";
				INFOPLIST_FILE = BikeTagTests/Info.plist;
				IPHONEOS_DEPLOYMENT_TARGET = "$(inherited)";
				LD_RUNPATH_SEARCH_PATHS = "$(inherited) @executable_path/Frameworks @loader_path/Frameworks";
				PRODUCT_BUNDLE_IDENTIFIER = "${BuildConfigurationAppBundleId}";
				PRODUCT_NAME = "$(TARGET_NAME)";
				SWIFT_VERSION = 5.0;
				TEST_HOST = "$(BUILT_PRODUCTS_DIR)/BikeTag.app/BikeTag";
			};
			name = Release;
		};
/* End XCBuildConfiguration section */

/* Begin XCConfigurationList section */
		45AB7BA11A3A1D8B00E1961E /* Build configuration list for PBXProject "BikeTag" */ = {
			isa = XCConfigurationList;
			buildConfigurations = (
				45AB7BC51A3A1D8B00E1961E /* Debug */,
				45AB7BC61A3A1D8B00E1961E /* Release */,
			);
			defaultConfigurationIsVisible = 0;
			defaultConfigurationName = Release;
		};
		45AB7BC71A3A1D8B00E1961E /* Build configuration list for PBXNativeTarget "BikeTag" */ = {
			isa = XCConfigurationList;
			buildConfigurations = (
				45AB7BC81A3A1D8B00E1961E /* Debug */,
				45AB7BC91A3A1D8B00E1961E /* Release */,
			);
			defaultConfigurationIsVisible = 0;
			defaultConfigurationName = Release;
		};
		45AB7BCA1A3A1D8B00E1961E /* Build configuration list for PBXNativeTarget "BikeTagTests" */ = {
			isa = XCConfigurationList;
			buildConfigurations = (
				45AB7BCB1A3A1D8B00E1961E /* Debug */,
				45AB7BCC1A3A1D8B00E1961E /* Release */,
			);
			defaultConfigurationIsVisible = 0;
			defaultConfigurationName = Release;
		};
/* End XCConfigurationList section */
	};
	rootObject = 45AB7B9E1A3A1D8B00E1961E /* Project object */;
}
