// !$*UTF8*$!
{
	archiveVersion = 1;
	classes = {
	};
	objectVersion = 46;
	objects = {

/* Begin PBXBuildFile section */
		4528973D1A86827F00AD077E /* CameraViewController.swift in Sources */ = {isa = PBXBuildFile; fileRef = 452897361A86827F00AD077E /* CameraViewController.swift */; };
		4528973E1A86827F00AD077E /* CaptureCountdownViewController.swift in Sources */ = {isa = PBXBuildFile; fileRef = 452897371A86827F00AD077E /* CaptureCountdownViewController.swift */; };
		4528973F1A86827F00AD077E /* CheckGuessViewController.swift in Sources */ = {isa = PBXBuildFile; fileRef = 452897381A86827F00AD077E /* CheckGuessViewController.swift */; };
		452897401A86827F00AD077E /* GameListViewController.swift in Sources */ = {isa = PBXBuildFile; fileRef = 452897391A86827F00AD077E /* GameListViewController.swift */; };
		452897411A86827F00AD077E /* NewSpotViewController.swift in Sources */ = {isa = PBXBuildFile; fileRef = 4528973A1A86827F00AD077E /* NewSpotViewController.swift */; };
		452897421A86827F00AD077E /* SecondViewController.swift in Sources */ = {isa = PBXBuildFile; fileRef = 4528973B1A86827F00AD077E /* SecondViewController.swift */; };
		452897431A86827F00AD077E /* SubmitGuessViewController.swift in Sources */ = {isa = PBXBuildFile; fileRef = 4528973C1A86827F00AD077E /* SubmitGuessViewController.swift */; };
		45AB7BAC1A3A1D8B00E1961E /* AppDelegate.swift in Sources */ = {isa = PBXBuildFile; fileRef = 45AB7BAB1A3A1D8B00E1961E /* AppDelegate.swift */; };
		45AB7BB31A3A1D8B00E1961E /* Main.storyboard in Resources */ = {isa = PBXBuildFile; fileRef = 45AB7BB11A3A1D8B00E1961E /* Main.storyboard */; };
		45AB7BB51A3A1D8B00E1961E /* Images.xcassets in Resources */ = {isa = PBXBuildFile; fileRef = 45AB7BB41A3A1D8B00E1961E /* Images.xcassets */; };
		45AB7BB81A3A1D8B00E1961E /* LaunchScreen.xib in Resources */ = {isa = PBXBuildFile; fileRef = 45AB7BB61A3A1D8B00E1961E /* LaunchScreen.xib */; };
		45AB7BC41A3A1D8B00E1961E /* BikeTagTests.swift in Sources */ = {isa = PBXBuildFile; fileRef = 45AB7BC31A3A1D8B00E1961E /* BikeTagTests.swift */; };
/* End PBXBuildFile section */

/* Begin PBXContainerItemProxy section */
		45AB7BBE1A3A1D8B00E1961E /* PBXContainerItemProxy */ = {
			isa = PBXContainerItemProxy;
			containerPortal = 45AB7B9E1A3A1D8B00E1961E /* Project object */;
			proxyType = 1;
			remoteGlobalIDString = 45AB7BA51A3A1D8B00E1961E;
			remoteInfo = BikeTag;
		};
/* End PBXContainerItemProxy section */

/* Begin PBXFileReference section */
		452897361A86827F00AD077E /* CameraViewController.swift */ = {isa = PBXFileReference; fileEncoding = 4; lastKnownFileType = sourcecode.swift; name = CameraViewController.swift; path = Controllers/CameraViewController.swift; sourceTree = "<group>"; };
		452897371A86827F00AD077E /* CaptureCountdownViewController.swift */ = {isa = PBXFileReference; fileEncoding = 4; lastKnownFileType = sourcecode.swift; name = CaptureCountdownViewController.swift; path = Controllers/CaptureCountdownViewController.swift; sourceTree = "<group>"; };
		452897381A86827F00AD077E /* CheckGuessViewController.swift */ = {isa = PBXFileReference; fileEncoding = 4; lastKnownFileType = sourcecode.swift; name = CheckGuessViewController.swift; path = Controllers/CheckGuessViewController.swift; sourceTree = "<group>"; };
		452897391A86827F00AD077E /* GameListViewController.swift */ = {isa = PBXFileReference; fileEncoding = 4; lastKnownFileType = sourcecode.swift; name = GameListViewController.swift; path = Controllers/GameListViewController.swift; sourceTree = "<group>"; };
		4528973A1A86827F00AD077E /* NewSpotViewController.swift */ = {isa = PBXFileReference; fileEncoding = 4; lastKnownFileType = sourcecode.swift; name = NewSpotViewController.swift; path = Controllers/NewSpotViewController.swift; sourceTree = "<group>"; };
		4528973B1A86827F00AD077E /* SecondViewController.swift */ = {isa = PBXFileReference; fileEncoding = 4; lastKnownFileType = sourcecode.swift; name = SecondViewController.swift; path = Controllers/SecondViewController.swift; sourceTree = "<group>"; };
		4528973C1A86827F00AD077E /* SubmitGuessViewController.swift */ = {isa = PBXFileReference; fileEncoding = 4; lastKnownFileType = sourcecode.swift; name = SubmitGuessViewController.swift; path = Controllers/SubmitGuessViewController.swift; sourceTree = "<group>"; };
		45AB7BA61A3A1D8B00E1961E /* BikeTag.app */ = {isa = PBXFileReference; explicitFileType = wrapper.application; includeInIndex = 0; path = BikeTag.app; sourceTree = BUILT_PRODUCTS_DIR; };
		45AB7BAA1A3A1D8B00E1961E /* Info.plist */ = {isa = PBXFileReference; lastKnownFileType = text.plist.xml; path = Info.plist; sourceTree = "<group>"; };
		45AB7BAB1A3A1D8B00E1961E /* AppDelegate.swift */ = {isa = PBXFileReference; lastKnownFileType = sourcecode.swift; path = AppDelegate.swift; sourceTree = "<group>"; };
		45AB7BB21A3A1D8B00E1961E /* Base */ = {isa = PBXFileReference; lastKnownFileType = file.storyboard; name = Base; path = Base.lproj/Main.storyboard; sourceTree = "<group>"; };
		45AB7BB41A3A1D8B00E1961E /* Images.xcassets */ = {isa = PBXFileReference; lastKnownFileType = folder.assetcatalog; path = Images.xcassets; sourceTree = "<group>"; };
		45AB7BB71A3A1D8B00E1961E /* Base */ = {isa = PBXFileReference; lastKnownFileType = file.xib; name = Base; path = Base.lproj/LaunchScreen.xib; sourceTree = "<group>"; };
		45AB7BBD1A3A1D8B00E1961E /* BikeTagTests.xctest */ = {isa = PBXFileReference; explicitFileType = wrapper.cfbundle; includeInIndex = 0; path = BikeTagTests.xctest; sourceTree = BUILT_PRODUCTS_DIR; };
		45AB7BC21A3A1D8B00E1961E /* Info.plist */ = {isa = PBXFileReference; lastKnownFileType = text.plist.xml; path = Info.plist; sourceTree = "<group>"; };
		45AB7BC31A3A1D8B00E1961E /* BikeTagTests.swift */ = {isa = PBXFileReference; lastKnownFileType = sourcecode.swift; path = BikeTagTests.swift; sourceTree = "<group>"; };
/* End PBXFileReference section */

/* Begin PBXFrameworksBuildPhase section */
		45AB7BA31A3A1D8B00E1961E /* Frameworks */ = {
			isa = PBXFrameworksBuildPhase;
			buildActionMask = 2147483647;
			files = (
			);
			runOnlyForDeploymentPostprocessing = 0;
		};
		45AB7BBA1A3A1D8B00E1961E /* Frameworks */ = {
			isa = PBXFrameworksBuildPhase;
			buildActionMask = 2147483647;
			files = (
			);
			runOnlyForDeploymentPostprocessing = 0;
		};
/* End PBXFrameworksBuildPhase section */

/* Begin PBXGroup section */
		452897351A8681DD00AD077E /* Controllers */ = {
			isa = PBXGroup;
			children = (
				452897361A86827F00AD077E /* CameraViewController.swift */,
				452897371A86827F00AD077E /* CaptureCountdownViewController.swift */,
				452897381A86827F00AD077E /* CheckGuessViewController.swift */,
				452897391A86827F00AD077E /* GameListViewController.swift */,
				4528973A1A86827F00AD077E /* NewSpotViewController.swift */,
				4528973B1A86827F00AD077E /* SecondViewController.swift */,
				4528973C1A86827F00AD077E /* SubmitGuessViewController.swift */,
			);
			name = Controllers;
			sourceTree = "<group>";
		};
		45AB7B9D1A3A1D8B00E1961E = {
			isa = PBXGroup;
			children = (
				45AB7BA81A3A1D8B00E1961E /* BikeTag */,
				45AB7BC01A3A1D8B00E1961E /* BikeTagTests */,
				45AB7BA71A3A1D8B00E1961E /* Products */,
			);
			sourceTree = "<group>";
		};
		45AB7BA71A3A1D8B00E1961E /* Products */ = {
			isa = PBXGroup;
			children = (
				45AB7BA61A3A1D8B00E1961E /* BikeTag.app */,
				45AB7BBD1A3A1D8B00E1961E /* BikeTagTests.xctest */,
			);
			name = Products;
			sourceTree = "<group>";
		};
		45AB7BA81A3A1D8B00E1961E /* BikeTag */ = {
			isa = PBXGroup;
			children = (
				45AB7BAB1A3A1D8B00E1961E /* AppDelegate.swift */,
				452897351A8681DD00AD077E /* Controllers */,
				45AB7BB11A3A1D8B00E1961E /* Main.storyboard */,
				45AB7BB41A3A1D8B00E1961E /* Images.xcassets */,
				45AB7BB61A3A1D8B00E1961E /* LaunchScreen.xib */,
				45AB7BA91A3A1D8B00E1961E /* Supporting Files */,
			);
			path = BikeTag;
			sourceTree = "<group>";
		};
		45AB7BA91A3A1D8B00E1961E /* Supporting Files */ = {
			isa = PBXGroup;
			children = (
				45AB7BAA1A3A1D8B00E1961E /* Info.plist */,
			);
			name = "Supporting Files";
			sourceTree = "<group>";
		};
		45AB7BC01A3A1D8B00E1961E /* BikeTagTests */ = {
			isa = PBXGroup;
			children = (
				45AB7BC31A3A1D8B00E1961E /* BikeTagTests.swift */,
				45AB7BC11A3A1D8B00E1961E /* Supporting Files */,
			);
			path = BikeTagTests;
			sourceTree = "<group>";
		};
		45AB7BC11A3A1D8B00E1961E /* Supporting Files */ = {
			isa = PBXGroup;
			children = (
				45AB7BC21A3A1D8B00E1961E /* Info.plist */,
			);
			name = "Supporting Files";
			sourceTree = "<group>";
		};
/* End PBXGroup section */

/* Begin PBXNativeTarget section */
		45AB7BA51A3A1D8B00E1961E /* BikeTag */ = {
			isa = PBXNativeTarget;
			buildConfigurationList = 45AB7BC71A3A1D8B00E1961E /* Build configuration list for PBXNativeTarget "BikeTag" */;
			buildPhases = (
				45AB7BA21A3A1D8B00E1961E /* Sources */,
				45AB7BA31A3A1D8B00E1961E /* Frameworks */,
				45AB7BA41A3A1D8B00E1961E /* Resources */,
			);
			buildRules = (
			);
			dependencies = (
			);
			name = BikeTag;
			productName = BikeTag;
			productReference = 45AB7BA61A3A1D8B00E1961E /* BikeTag.app */;
			productType = "com.apple.product-type.application";
		};
		45AB7BBC1A3A1D8B00E1961E /* BikeTagTests */ = {
			isa = PBXNativeTarget;
			buildConfigurationList = 45AB7BCA1A3A1D8B00E1961E /* Build configuration list for PBXNativeTarget "BikeTagTests" */;
			buildPhases = (
				45AB7BB91A3A1D8B00E1961E /* Sources */,
				45AB7BBA1A3A1D8B00E1961E /* Frameworks */,
				45AB7BBB1A3A1D8B00E1961E /* Resources */,
			);
			buildRules = (
			);
			dependencies = (
				45AB7BBF1A3A1D8B00E1961E /* PBXTargetDependency */,
			);
			name = BikeTagTests;
			productName = BikeTagTests;
			productReference = 45AB7BBD1A3A1D8B00E1961E /* BikeTagTests.xctest */;
			productType = "com.apple.product-type.bundle.unit-test";
		};
/* End PBXNativeTarget section */

/* Begin PBXProject section */
		45AB7B9E1A3A1D8B00E1961E /* Project object */ = {
			isa = PBXProject;
			attributes = {
				LastUpgradeCheck = 0610;
				ORGANIZATIONNAME = Jackpine;
				TargetAttributes = {
					45AB7BA51A3A1D8B00E1961E = {
						CreatedOnToolsVersion = 6.1;
						DevelopmentTeam = CSBZ6R9U39;
					};
					45AB7BBC1A3A1D8B00E1961E = {
						CreatedOnToolsVersion = 6.1;
						TestTargetID = 45AB7BA51A3A1D8B00E1961E;
					};
				};
			};
			buildConfigurationList = 45AB7BA11A3A1D8B00E1961E /* Build configuration list for PBXProject "BikeTag" */;
			compatibilityVersion = "Xcode 3.2";
			developmentRegion = English;
			hasScannedForEncodings = 0;
			knownRegions = (
				en,
				Base,
			);
			mainGroup = 45AB7B9D1A3A1D8B00E1961E;
			productRefGroup = 45AB7BA71A3A1D8B00E1961E /* Products */;
			projectDirPath = "";
			projectRoot = "";
			targets = (
				45AB7BA51A3A1D8B00E1961E /* BikeTag */,
				45AB7BBC1A3A1D8B00E1961E /* BikeTagTests */,
			);
		};
/* End PBXProject section */

/* Begin PBXResourcesBuildPhase section */
		45AB7BA41A3A1D8B00E1961E /* Resources */ = {
			isa = PBXResourcesBuildPhase;
			buildActionMask = 2147483647;
			files = (
				45AB7BB31A3A1D8B00E1961E /* Main.storyboard in Resources */,
				45AB7BB81A3A1D8B00E1961E /* LaunchScreen.xib in Resources */,
				45AB7BB51A3A1D8B00E1961E /* Images.xcassets in Resources */,
			);
			runOnlyForDeploymentPostprocessing = 0;
		};
		45AB7BBB1A3A1D8B00E1961E /* Resources */ = {
			isa = PBXResourcesBuildPhase;
			buildActionMask = 2147483647;
			files = (
			);
			runOnlyForDeploymentPostprocessing = 0;
		};
/* End PBXResourcesBuildPhase section */

/* Begin PBXSourcesBuildPhase section */
		45AB7BA21A3A1D8B00E1961E /* Sources */ = {
			isa = PBXSourcesBuildPhase;
			buildActionMask = 2147483647;
			files = (
				452897431A86827F00AD077E /* SubmitGuessViewController.swift in Sources */,
				452897421A86827F00AD077E /* SecondViewController.swift in Sources */,
				45AB7BAC1A3A1D8B00E1961E /* AppDelegate.swift in Sources */,
				4528973F1A86827F00AD077E /* CheckGuessViewController.swift in Sources */,
				4528973D1A86827F00AD077E /* CameraViewController.swift in Sources */,
				452897401A86827F00AD077E /* GameListViewController.swift in Sources */,
				452897411A86827F00AD077E /* NewSpotViewController.swift in Sources */,
				4528973E1A86827F00AD077E /* CaptureCountdownViewController.swift in Sources */,
			);
			runOnlyForDeploymentPostprocessing = 0;
		};
		45AB7BB91A3A1D8B00E1961E /* Sources */ = {
			isa = PBXSourcesBuildPhase;
			buildActionMask = 2147483647;
			files = (
				45AB7BC41A3A1D8B00E1961E /* BikeTagTests.swift in Sources */,
			);
			runOnlyForDeploymentPostprocessing = 0;
		};
/* End PBXSourcesBuildPhase section */

/* Begin PBXTargetDependency section */
		45AB7BBF1A3A1D8B00E1961E /* PBXTargetDependency */ = {
			isa = PBXTargetDependency;
			target = 45AB7BA51A3A1D8B00E1961E /* BikeTag */;
			targetProxy = 45AB7BBE1A3A1D8B00E1961E /* PBXContainerItemProxy */;
		};
/* End PBXTargetDependency section */

/* Begin PBXVariantGroup section */
		45AB7BB11A3A1D8B00E1961E /* Main.storyboard */ = {
			isa = PBXVariantGroup;
			children = (
				45AB7BB21A3A1D8B00E1961E /* Base */,
			);
			name = Main.storyboard;
			sourceTree = "<group>";
		};
		45AB7BB61A3A1D8B00E1961E /* LaunchScreen.xib */ = {
			isa = PBXVariantGroup;
			children = (
				45AB7BB71A3A1D8B00E1961E /* Base */,
			);
			name = LaunchScreen.xib;
			sourceTree = "<group>";
		};
/* End PBXVariantGroup section */

/* Begin XCBuildConfiguration section */
		45AB7BC51A3A1D8B00E1961E /* Debug */ = {
			isa = XCBuildConfiguration;
			buildSettings = {
				ALWAYS_SEARCH_USER_PATHS = NO;
				CLANG_CXX_LANGUAGE_STANDARD = "gnu++0x";
				CLANG_CXX_LIBRARY = "libc++";
				CLANG_ENABLE_MODULES = YES;
				CLANG_ENABLE_OBJC_ARC = YES;
				CLANG_WARN_BOOL_CONVERSION = YES;
				CLANG_WARN_CONSTANT_CONVERSION = YES;
				CLANG_WARN_DIRECT_OBJC_ISA_USAGE = YES_ERROR;
				CLANG_WARN_EMPTY_BODY = YES;
				CLANG_WARN_ENUM_CONVERSION = YES;
				CLANG_WARN_INT_CONVERSION = YES;
				CLANG_WARN_OBJC_ROOT_CLASS = YES_ERROR;
				CLANG_WARN_UNREACHABLE_CODE = YES;
				CLANG_WARN__DUPLICATE_METHOD_MATCH = YES;
				"CODE_SIGN_IDENTITY[sdk=iphoneos*]" = "iPhone Developer";
				COPY_PHASE_STRIP = NO;
				ENABLE_STRICT_OBJC_MSGSEND = YES;
				GCC_C_LANGUAGE_STANDARD = gnu99;
				GCC_DYNAMIC_NO_PIC = NO;
				GCC_OPTIMIZATION_LEVEL = 0;
				GCC_PREPROCESSOR_DEFINITIONS = (
					"DEBUG=1",
					"$(inherited)",
				);
				GCC_SYMBOLS_PRIVATE_EXTERN = NO;
				GCC_WARN_64_TO_32_BIT_CONVERSION = YES;
				GCC_WARN_ABOUT_RETURN_TYPE = YES_ERROR;
				GCC_WARN_UNDECLARED_SELECTOR = YES;
				GCC_WARN_UNINITIALIZED_AUTOS = YES_AGGRESSIVE;
				GCC_WARN_UNUSED_FUNCTION = YES;
				GCC_WARN_UNUSED_VARIABLE = YES;
				IPHONEOS_DEPLOYMENT_TARGET = 8.1;
				MTL_ENABLE_DEBUG_INFO = YES;
				ONLY_ACTIVE_ARCH = YES;
				SDKROOT = iphoneos;
				SWIFT_OPTIMIZATION_LEVEL = "-Onone";
			};
			name = Debug;
		};
		45AB7BC61A3A1D8B00E1961E /* Release */ = {
			isa = XCBuildConfiguration;
			buildSettings = {
				ALWAYS_SEARCH_USER_PATHS = NO;
				CLANG_CXX_LANGUAGE_STANDARD = "gnu++0x";
				CLANG_CXX_LIBRARY = "libc++";
				CLANG_ENABLE_MODULES = YES;
				CLANG_ENABLE_OBJC_ARC = YES;
				CLANG_WARN_BOOL_CONVERSION = YES;
				CLANG_WARN_CONSTANT_CONVERSION = YES;
				CLANG_WARN_DIRECT_OBJC_ISA_USAGE = YES_ERROR;
				CLANG_WARN_EMPTY_BODY = YES;
				CLANG_WARN_ENUM_CONVERSION = YES;
				CLANG_WARN_INT_CONVERSION = YES;
				CLANG_WARN_OBJC_ROOT_CLASS = YES_ERROR;
				CLANG_WARN_UNREACHABLE_CODE = YES;
				CLANG_WARN__DUPLICATE_METHOD_MATCH = YES;
				"CODE_SIGN_IDENTITY[sdk=iphoneos*]" = "iPhone Developer";
				COPY_PHASE_STRIP = YES;
				ENABLE_NS_ASSERTIONS = NO;
				ENABLE_STRICT_OBJC_MSGSEND = YES;
				GCC_C_LANGUAGE_STANDARD = gnu99;
				GCC_WARN_64_TO_32_BIT_CONVERSION = YES;
				GCC_WARN_ABOUT_RETURN_TYPE = YES_ERROR;
				GCC_WARN_UNDECLARED_SELECTOR = YES;
				GCC_WARN_UNINITIALIZED_AUTOS = YES_AGGRESSIVE;
				GCC_WARN_UNUSED_FUNCTION = YES;
				GCC_WARN_UNUSED_VARIABLE = YES;
				IPHONEOS_DEPLOYMENT_TARGET = 8.1;
				MTL_ENABLE_DEBUG_INFO = NO;
				SDKROOT = iphoneos;
				VALIDATE_PRODUCT = YES;
			};
			name = Release;
		};
		45AB7BC81A3A1D8B00E1961E /* Debug */ = {
			isa = XCBuildConfiguration;
			buildSettings = {
				ASSETCATALOG_COMPILER_APPICON_NAME = AppIcon;
				INFOPLIST_FILE = BikeTag/Info.plist;
				LD_RUNPATH_SEARCH_PATHS = "$(inherited) @executable_path/Frameworks";
				PRODUCT_NAME = "$(TARGET_NAME)";
			};
			name = Debug;
		};
		45AB7BC91A3A1D8B00E1961E /* Release */ = {
			isa = XCBuildConfiguration;
			buildSettings = {
				ASSETCATALOG_COMPILER_APPICON_NAME = AppIcon;
				INFOPLIST_FILE = BikeTag/Info.plist;
				LD_RUNPATH_SEARCH_PATHS = "$(inherited) @executable_path/Frameworks";
				PRODUCT_NAME = "$(TARGET_NAME)";
			};
			name = Release;
		};
		45AB7BCB1A3A1D8B00E1961E /* Debug */ = {
			isa = XCBuildConfiguration;
			buildSettings = {
				BUNDLE_LOADER = "$(TEST_HOST)";
				FRAMEWORK_SEARCH_PATHS = (
					"$(SDKROOT)/Developer/Library/Frameworks",
					"$(inherited)",
				);
				GCC_PREPROCESSOR_DEFINITIONS = (
					"DEBUG=1",
					"$(inherited)",
				);
				INFOPLIST_FILE = BikeTagTests/Info.plist;
				LD_RUNPATH_SEARCH_PATHS = "$(inherited) @executable_path/Frameworks @loader_path/Frameworks";
				PRODUCT_NAME = "$(TARGET_NAME)";
				TEST_HOST = "$(BUILT_PRODUCTS_DIR)/BikeTag.app/BikeTag";
			};
			name = Debug;
		};
		45AB7BCC1A3A1D8B00E1961E /* Release */ = {
			isa = XCBuildConfiguration;
			buildSettings = {
				BUNDLE_LOADER = "$(TEST_HOST)";
				FRAMEWORK_SEARCH_PATHS = (
					"$(SDKROOT)/Developer/Library/Frameworks",
					"$(inherited)",
				);
				INFOPLIST_FILE = BikeTagTests/Info.plist;
				LD_RUNPATH_SEARCH_PATHS = "$(inherited) @executable_path/Frameworks @loader_path/Frameworks";
				PRODUCT_NAME = "$(TARGET_NAME)";
				TEST_HOST = "$(BUILT_PRODUCTS_DIR)/BikeTag.app/BikeTag";
			};
			name = Release;
		};
/* End XCBuildConfiguration section */

/* Begin XCConfigurationList section */
		45AB7BA11A3A1D8B00E1961E /* Build configuration list for PBXProject "BikeTag" */ = {
			isa = XCConfigurationList;
			buildConfigurations = (
				45AB7BC51A3A1D8B00E1961E /* Debug */,
				45AB7BC61A3A1D8B00E1961E /* Release */,
			);
			defaultConfigurationIsVisible = 0;
			defaultConfigurationName = Release;
		};
		45AB7BC71A3A1D8B00E1961E /* Build configuration list for PBXNativeTarget "BikeTag" */ = {
			isa = XCConfigurationList;
			buildConfigurations = (
				45AB7BC81A3A1D8B00E1961E /* Debug */,
				45AB7BC91A3A1D8B00E1961E /* Release */,
			);
			defaultConfigurationIsVisible = 0;
			defaultConfigurationName = Release;
		};
		45AB7BCA1A3A1D8B00E1961E /* Build configuration list for PBXNativeTarget "BikeTagTests" */ = {
			isa = XCConfigurationList;
			buildConfigurations = (
				45AB7BCB1A3A1D8B00E1961E /* Debug */,
				45AB7BCC1A3A1D8B00E1961E /* Release */,
			);
			defaultConfigurationIsVisible = 0;
			defaultConfigurationName = Release;
		};
/* End XCConfigurationList section */
	};
	rootObject = 45AB7B9E1A3A1D8B00E1961E /* Project object */;
}
